Microsoft Visual Studio Solution File, Format Version 12.00
# Visual Studio 15
VisualStudioVersion = 15.0.28307.421
MinimumVisualStudioVersion = 10.0.40219.1
Project("{FAE04EC0-301F-11D3-BF4B-00C04F79EFBC}") = "Aircraft AV-8B", "Aircraft AV-8B\Aircraft AV-8B.csproj", "{2B00F04B-3CB2-44E7-B49B-DA94FF74C66C}"
EndProject
Project("{FAE04EC0-301F-11D3-BF4B-00C04F79EFBC}") = "Aircraft M2000C", "Aircraft M2000C\Aircraft M2000C.csproj", "{BD8B2678-7D32-4E3D-8A9D-CA1CE201285F}"
EndProject
Project("{FAE04EC0-301F-11D3-BF4B-00C04F79EFBC}") = "Aircraft FA-18C", "Aircraft FA-18C\Aircraft FA-18C.csproj", "{4FDCE381-AA97-4C5E-B4CF-F9EC6792DD2C}"
EndProject
Project("{FAE04EC0-301F-11D3-BF4B-00C04F79EFBC}") = "Helios", "Helios\Helios.csproj", "{E5ABE3F5-46EC-46D1-9330-D42311471A93}"
	ProjectSection(ProjectDependencies) = postProject
		{80870108-EFE4-4ADF-969D-A0CE06123271} = {80870108-EFE4-4ADF-969D-A0CE06123271}
		{2B00F04B-3CB2-44E7-B49B-DA94FF74C66C} = {2B00F04B-3CB2-44E7-B49B-DA94FF74C66C}
		{BD8B2678-7D32-4E3D-8A9D-CA1CE201285F} = {BD8B2678-7D32-4E3D-8A9D-CA1CE201285F}
		{4FDCE381-AA97-4C5E-B4CF-F9EC6792DD2C} = {4FDCE381-AA97-4C5E-B4CF-F9EC6792DD2C}
	EndProjectSection
EndProject
Project("{FAE04EC0-301F-11D3-BF4B-00C04F79EFBC}") = "Profile Editor", "Profile Editor\Profile Editor.csproj", "{3AF089A2-9DA0-40C3-AD3A-92253F497BC8}"
	ProjectSection(ProjectDependencies) = postProject
		{06BA10F4-279C-4E82-B77C-333706A617B9} = {06BA10F4-279C-4E82-B77C-333706A617B9}
	EndProjectSection
EndProject
Project("{FAE04EC0-301F-11D3-BF4B-00C04F79EFBC}") = "Control Center", "Control Center\Control Center.csproj", "{80D80B0F-0DC0-49E2-97C2-3CC6436FA61F}"
	ProjectSection(ProjectDependencies) = postProject
		{06BA10F4-279C-4E82-B77C-333706A617B9} = {06BA10F4-279C-4E82-B77C-333706A617B9}
	EndProjectSection
EndProject
Project("{FAE04EC0-301F-11D3-BF4B-00C04F79EFBC}") = "Phidgets", "Phidgets\Phidgets.csproj", "{06BA10F4-279C-4E82-B77C-333706A617B9}"
	ProjectSection(ProjectDependencies) = postProject
		{E5ABE3F5-46EC-46D1-9330-D42311471A93} = {E5ABE3F5-46EC-46D1-9330-D42311471A93}
	EndProjectSection
EndProject
Project("{FAE04EC0-301F-11D3-BF4B-00C04F79EFBC}") = "Keypress Receiver", "KeyPressReceiver\Keypress Receiver.csproj", "{5F79059E-6954-45C1-8929-27683551D25A}"
EndProject
Project("{54435603-DBB4-11D2-8724-00A0C9A8B90C}") = "Keypress Receiver Installer", "Keypress Receiver Installer\Keypress Receiver Installer.vdproj", "{61272BD1-E670-45CC-918B-1208B837F4DC}"
EndProject
Project("{54435603-DBB4-11D2-8724-00A0C9A8B90C}") = "Helios Installer", "Helios Installer\Helios Installer.vdproj", "{3EBE3C85-C79E-42EF-AA07-EEDA5990205B}"
	ProjectSection(ProjectDependencies) = postProject
		{5F79059E-6954-45C1-8929-27683551D25A} = {5F79059E-6954-45C1-8929-27683551D25A}
		{61272BD1-E670-45CC-918B-1208B837F4DC} = {61272BD1-E670-45CC-918B-1208B837F4DC}
	EndProjectSection
EndProject
Project("{FAE04EC0-301F-11D3-BF4B-00C04F79EFBC}") = "Aircraft A-10C", "Aircraft A-10C\Aircraft A-10C.csproj", "{80870108-EFE4-4ADF-969D-A0CE06123271}"
EndProject
Global
	GlobalSection(SolutionConfigurationPlatforms) = preSolution
		Debug|x64 = Debug|x64
		Development|x64 = Development|x64
		Release|x64 = Release|x64
	EndGlobalSection
	GlobalSection(ProjectConfigurationPlatforms) = postSolution
		{2B00F04B-3CB2-44E7-B49B-DA94FF74C66C}.Debug|x64.ActiveCfg = Debug|x64
		{2B00F04B-3CB2-44E7-B49B-DA94FF74C66C}.Debug|x64.Build.0 = Debug|x64
		{2B00F04B-3CB2-44E7-B49B-DA94FF74C66C}.Development|x64.ActiveCfg = Debug|x64
		{2B00F04B-3CB2-44E7-B49B-DA94FF74C66C}.Development|x64.Build.0 = Debug|x64
		{2B00F04B-3CB2-44E7-B49B-DA94FF74C66C}.Release|x64.ActiveCfg = Release|x64
		{2B00F04B-3CB2-44E7-B49B-DA94FF74C66C}.Release|x64.Build.0 = Release|x64
		{BD8B2678-7D32-4E3D-8A9D-CA1CE201285F}.Debug|x64.ActiveCfg = Debug|x64
		{BD8B2678-7D32-4E3D-8A9D-CA1CE201285F}.Debug|x64.Build.0 = Debug|x64
		{BD8B2678-7D32-4E3D-8A9D-CA1CE201285F}.Development|x64.ActiveCfg = Debug|x64
		{BD8B2678-7D32-4E3D-8A9D-CA1CE201285F}.Development|x64.Build.0 = Debug|x64
		{BD8B2678-7D32-4E3D-8A9D-CA1CE201285F}.Release|x64.ActiveCfg = Release|x64
		{BD8B2678-7D32-4E3D-8A9D-CA1CE201285F}.Release|x64.Build.0 = Release|x64
		{4FDCE381-AA97-4C5E-B4CF-F9EC6792DD2C}.Debug|x64.ActiveCfg = Debug|x64
		{4FDCE381-AA97-4C5E-B4CF-F9EC6792DD2C}.Debug|x64.Build.0 = Debug|x64
		{4FDCE381-AA97-4C5E-B4CF-F9EC6792DD2C}.Development|x64.ActiveCfg = Debug|x64
		{4FDCE381-AA97-4C5E-B4CF-F9EC6792DD2C}.Development|x64.Build.0 = Debug|x64
		{4FDCE381-AA97-4C5E-B4CF-F9EC6792DD2C}.Release|x64.ActiveCfg = Release|x64
		{4FDCE381-AA97-4C5E-B4CF-F9EC6792DD2C}.Release|x64.Build.0 = Release|x64
		{E5ABE3F5-46EC-46D1-9330-D42311471A93}.Debug|x64.ActiveCfg = Debug|x64
		{E5ABE3F5-46EC-46D1-9330-D42311471A93}.Debug|x64.Build.0 = Debug|x64
		{E5ABE3F5-46EC-46D1-9330-D42311471A93}.Development|x64.ActiveCfg = Development|x64
		{E5ABE3F5-46EC-46D1-9330-D42311471A93}.Development|x64.Build.0 = Development|x64
		{E5ABE3F5-46EC-46D1-9330-D42311471A93}.Release|x64.ActiveCfg = Release|x64
		{E5ABE3F5-46EC-46D1-9330-D42311471A93}.Release|x64.Build.0 = Release|x64
		{3AF089A2-9DA0-40C3-AD3A-92253F497BC8}.Debug|x64.ActiveCfg = Debug|x64
		{3AF089A2-9DA0-40C3-AD3A-92253F497BC8}.Debug|x64.Build.0 = Debug|x64
		{3AF089A2-9DA0-40C3-AD3A-92253F497BC8}.Development|x64.ActiveCfg = Debug|x64
		{3AF089A2-9DA0-40C3-AD3A-92253F497BC8}.Development|x64.Build.0 = Debug|x64
		{3AF089A2-9DA0-40C3-AD3A-92253F497BC8}.Release|x64.ActiveCfg = Release|x64
		{3AF089A2-9DA0-40C3-AD3A-92253F497BC8}.Release|x64.Build.0 = Release|x64
		{80D80B0F-0DC0-49E2-97C2-3CC6436FA61F}.Debug|x64.ActiveCfg = Debug|x64
		{80D80B0F-0DC0-49E2-97C2-3CC6436FA61F}.Debug|x64.Build.0 = Debug|x64
		{80D80B0F-0DC0-49E2-97C2-3CC6436FA61F}.Development|x64.ActiveCfg = Development|x64
		{80D80B0F-0DC0-49E2-97C2-3CC6436FA61F}.Development|x64.Build.0 = Development|x64
		{80D80B0F-0DC0-49E2-97C2-3CC6436FA61F}.Release|x64.ActiveCfg = Release|x64
		{80D80B0F-0DC0-49E2-97C2-3CC6436FA61F}.Release|x64.Build.0 = Release|x64
		{06BA10F4-279C-4E82-B77C-333706A617B9}.Debug|x64.ActiveCfg = Debug|x64
		{06BA10F4-279C-4E82-B77C-333706A617B9}.Debug|x64.Build.0 = Debug|x64
		{06BA10F4-279C-4E82-B77C-333706A617B9}.Development|x64.ActiveCfg = Debug|x64
		{06BA10F4-279C-4E82-B77C-333706A617B9}.Development|x64.Build.0 = Debug|x64
		{06BA10F4-279C-4E82-B77C-333706A617B9}.Release|x64.ActiveCfg = Release|x64
		{06BA10F4-279C-4E82-B77C-333706A617B9}.Release|x64.Build.0 = Release|x64
		{5F79059E-6954-45C1-8929-27683551D25A}.Debug|x64.ActiveCfg = Debug|x64
		{5F79059E-6954-45C1-8929-27683551D25A}.Debug|x64.Build.0 = Debug|x64
		{5F79059E-6954-45C1-8929-27683551D25A}.Development|x64.ActiveCfg = Debug|x64
		{5F79059E-6954-45C1-8929-27683551D25A}.Development|x64.Build.0 = Debug|x64
		{5F79059E-6954-45C1-8929-27683551D25A}.Release|x64.ActiveCfg = Release|x64
		{5F79059E-6954-45C1-8929-27683551D25A}.Release|x64.Build.0 = Release|x64
		{61272BD1-E670-45CC-918B-1208B837F4DC}.Debug|x64.ActiveCfg = Debug
		{61272BD1-E670-45CC-918B-1208B837F4DC}.Development|x64.ActiveCfg = Debug
		{61272BD1-E670-45CC-918B-1208B837F4DC}.Release|x64.ActiveCfg = Release
		{61272BD1-E670-45CC-918B-1208B837F4DC}.Release|x64.Build.0 = Release
		{3EBE3C85-C79E-42EF-AA07-EEDA5990205B}.Debug|x64.ActiveCfg = Debug
		{3EBE3C85-C79E-42EF-AA07-EEDA5990205B}.Debug|x64.Build.0 = Debug
		{3EBE3C85-C79E-42EF-AA07-EEDA5990205B}.Development|x64.ActiveCfg = Debug
		{3EBE3C85-C79E-42EF-AA07-EEDA5990205B}.Development|x64.Build.0 = Debug
		{3EBE3C85-C79E-42EF-AA07-EEDA5990205B}.Release|x64.ActiveCfg = Release
		{3EBE3C85-C79E-42EF-AA07-EEDA5990205B}.Release|x64.Build.0 = Release
		{80870108-EFE4-4ADF-969D-A0CE06123271}.Debug|x64.ActiveCfg = Debug|x64
		{80870108-EFE4-4ADF-969D-A0CE06123271}.Debug|x64.Build.0 = Debug|x64
		{80870108-EFE4-4ADF-969D-A0CE06123271}.Development|x64.ActiveCfg = Debug|x64
		{80870108-EFE4-4ADF-969D-A0CE06123271}.Development|x64.Build.0 = Debug|x64
		{80870108-EFE4-4ADF-969D-A0CE06123271}.Release|x64.ActiveCfg = Release|x64
		{80870108-EFE4-4ADF-969D-A0CE06123271}.Release|x64.Build.0 = Release|x64
	EndGlobalSection
	GlobalSection(SolutionProperties) = preSolution
		HideSolutionNode = FALSE
	EndGlobalSection
	GlobalSection(ExtensibilityGlobals) = postSolution
		SolutionGuid = {3B206942-1574-47C9-BA9A-843FD9F493D4}
	EndGlobalSection
EndGlobal
