
Microsoft Visual Studio Solution File, Format Version 12.00
# Visual Studio Version 16
VisualStudioVersion = 16.0.29613.14
MinimumVisualStudioVersion = 10.0.40219.1
Project("{FAE04EC0-301F-11D3-BF4B-00C04F79EFBC}") = "Aircraft AV-8B", "Aircraft AV-8B\Aircraft AV-8B.csproj", "{2B00F04B-3CB2-44E7-B49B-DA94FF74C66C}"
EndProject
Project("{FAE04EC0-301F-11D3-BF4B-00C04F79EFBC}") = "Aircraft M2000C", "Aircraft M2000C\Aircraft M2000C.csproj", "{BD8B2678-7D32-4E3D-8A9D-CA1CE201285F}"
EndProject
Project("{FAE04EC0-301F-11D3-BF4B-00C04F79EFBC}") = "Aircraft FA-18C", "Aircraft FA-18C\Aircraft FA-18C.csproj", "{4FDCE381-AA97-4C5E-B4CF-F9EC6792DD2C}"
EndProject
Project("{FAE04EC0-301F-11D3-BF4B-00C04F79EFBC}") = "Helios", "Helios\Helios.csproj", "{E5ABE3F5-46EC-46D1-9330-D42311471A93}"
	ProjectSection(ProjectDependencies) = postProject
		{80870108-EFE4-4ADF-969D-A0CE06123271} = {80870108-EFE4-4ADF-969D-A0CE06123271}
		{2B00F04B-3CB2-44E7-B49B-DA94FF74C66C} = {2B00F04B-3CB2-44E7-B49B-DA94FF74C66C}
		{BD8B2678-7D32-4E3D-8A9D-CA1CE201285F} = {BD8B2678-7D32-4E3D-8A9D-CA1CE201285F}
		{4FDCE381-AA97-4C5E-B4CF-F9EC6792DD2C} = {4FDCE381-AA97-4C5E-B4CF-F9EC6792DD2C}
	EndProjectSection
EndProject
Project("{FAE04EC0-301F-11D3-BF4B-00C04F79EFBC}") = "Profile Editor", "Profile Editor\Profile Editor.csproj", "{3AF089A2-9DA0-40C3-AD3A-92253F497BC8}"
EndProject
Project("{FAE04EC0-301F-11D3-BF4B-00C04F79EFBC}") = "Control Center", "Control Center\Control Center.csproj", "{80D80B0F-0DC0-49E2-97C2-3CC6436FA61F}"
EndProject
Project("{FAE04EC0-301F-11D3-BF4B-00C04F79EFBC}") = "Phidgets", "Phidgets\Phidgets.csproj", "{06BA10F4-279C-4E82-B77C-333706A617B9}"
EndProject
Project("{FAE04EC0-301F-11D3-BF4B-00C04F79EFBC}") = "Keypress Receiver", "KeyPressReceiver\Keypress Receiver.csproj", "{5F79059E-6954-45C1-8929-27683551D25A}"
EndProject
Project("{54435603-DBB4-11D2-8724-00A0C9A8B90C}") = "Keypress Receiver Installer", "Keypress Receiver Installer\Keypress Receiver Installer.vdproj", "{61272BD1-E670-45CC-918B-1208B837F4DC}"
EndProject
Project("{54435603-DBB4-11D2-8724-00A0C9A8B90C}") = "Helios Installer", "Helios Installer\Helios Installer.vdproj", "{3EBE3C85-C79E-42EF-AA07-EEDA5990205B}"
	ProjectSection(ProjectDependencies) = postProject
		{5F79059E-6954-45C1-8929-27683551D25A} = {5F79059E-6954-45C1-8929-27683551D25A}
		{61272BD1-E670-45CC-918B-1208B837F4DC} = {61272BD1-E670-45CC-918B-1208B837F4DC}
	EndProjectSection
EndProject
Project("{FAE04EC0-301F-11D3-BF4B-00C04F79EFBC}") = "Aircraft A-10C", "Aircraft A-10C\Aircraft A-10C.csproj", "{80870108-EFE4-4ADF-969D-A0CE06123271}"
EndProject
Global
	GlobalSection(SolutionConfigurationPlatforms) = preSolution
		Debug|Android = Debug|Android
		Debug|Any CPU = Debug|Any CPU
		Debug|ARM = Debug|ARM
		Debug|ARM64 = Debug|ARM64
		Debug|iOS = Debug|iOS
		Debug|Windows-ARM = Debug|Windows-ARM
		Debug|Windows-x64 = Debug|Windows-x64
		Debug|Windows-x86 = Debug|Windows-x86
		Debug|x64 = Debug|x64
		Debug|x86 = Debug|x86
		Development|Android = Development|Android
		Development|Any CPU = Development|Any CPU
		Development|ARM = Development|ARM
		Development|ARM64 = Development|ARM64
		Development|iOS = Development|iOS
		Development|Windows-ARM = Development|Windows-ARM
		Development|Windows-x64 = Development|Windows-x64
		Development|Windows-x86 = Development|Windows-x86
		Development|x64 = Development|x64
		Development|x86 = Development|x86
		Release|Android = Release|Android
		Release|Any CPU = Release|Any CPU
		Release|ARM = Release|ARM
		Release|ARM64 = Release|ARM64
		Release|iOS = Release|iOS
		Release|Windows-ARM = Release|Windows-ARM
		Release|Windows-x64 = Release|Windows-x64
		Release|Windows-x86 = Release|Windows-x86
		Release|x64 = Release|x64
		Release|x86 = Release|x86
	EndGlobalSection
	GlobalSection(ProjectConfigurationPlatforms) = postSolution
		{2B00F04B-3CB2-44E7-B49B-DA94FF74C66C}.Debug|Android.ActiveCfg = Debug|Any CPU
		{2B00F04B-3CB2-44E7-B49B-DA94FF74C66C}.Debug|Android.Build.0 = Debug|Any CPU
		{2B00F04B-3CB2-44E7-B49B-DA94FF74C66C}.Debug|Any CPU.ActiveCfg = Debug|Any CPU
		{2B00F04B-3CB2-44E7-B49B-DA94FF74C66C}.Debug|Any CPU.Build.0 = Debug|Any CPU
		{2B00F04B-3CB2-44E7-B49B-DA94FF74C66C}.Debug|ARM.ActiveCfg = Debug|Any CPU
		{2B00F04B-3CB2-44E7-B49B-DA94FF74C66C}.Debug|ARM.Build.0 = Debug|Any CPU
		{2B00F04B-3CB2-44E7-B49B-DA94FF74C66C}.Debug|ARM64.ActiveCfg = Debug|Any CPU
		{2B00F04B-3CB2-44E7-B49B-DA94FF74C66C}.Debug|ARM64.Build.0 = Debug|Any CPU
		{2B00F04B-3CB2-44E7-B49B-DA94FF74C66C}.Debug|iOS.ActiveCfg = Debug|Any CPU
		{2B00F04B-3CB2-44E7-B49B-DA94FF74C66C}.Debug|iOS.Build.0 = Debug|Any CPU
		{2B00F04B-3CB2-44E7-B49B-DA94FF74C66C}.Debug|Windows-ARM.ActiveCfg = Debug|Any CPU
		{2B00F04B-3CB2-44E7-B49B-DA94FF74C66C}.Debug|Windows-ARM.Build.0 = Debug|Any CPU
		{2B00F04B-3CB2-44E7-B49B-DA94FF74C66C}.Debug|Windows-x64.ActiveCfg = Debug|Any CPU
		{2B00F04B-3CB2-44E7-B49B-DA94FF74C66C}.Debug|Windows-x64.Build.0 = Debug|Any CPU
		{2B00F04B-3CB2-44E7-B49B-DA94FF74C66C}.Debug|Windows-x86.ActiveCfg = Debug|Any CPU
		{2B00F04B-3CB2-44E7-B49B-DA94FF74C66C}.Debug|Windows-x86.Build.0 = Debug|Any CPU
		{2B00F04B-3CB2-44E7-B49B-DA94FF74C66C}.Debug|x64.ActiveCfg = Debug|Any CPU
		{2B00F04B-3CB2-44E7-B49B-DA94FF74C66C}.Debug|x64.Build.0 = Debug|Any CPU
		{2B00F04B-3CB2-44E7-B49B-DA94FF74C66C}.Debug|x86.ActiveCfg = Debug|Any CPU
		{2B00F04B-3CB2-44E7-B49B-DA94FF74C66C}.Debug|x86.Build.0 = Debug|Any CPU
		{2B00F04B-3CB2-44E7-B49B-DA94FF74C66C}.Development|Android.ActiveCfg = Debug|Any CPU
		{2B00F04B-3CB2-44E7-B49B-DA94FF74C66C}.Development|Android.Build.0 = Debug|Any CPU
		{2B00F04B-3CB2-44E7-B49B-DA94FF74C66C}.Development|Any CPU.ActiveCfg = Debug|Any CPU
		{2B00F04B-3CB2-44E7-B49B-DA94FF74C66C}.Development|Any CPU.Build.0 = Debug|Any CPU
		{2B00F04B-3CB2-44E7-B49B-DA94FF74C66C}.Development|ARM.ActiveCfg = Debug|Any CPU
		{2B00F04B-3CB2-44E7-B49B-DA94FF74C66C}.Development|ARM.Build.0 = Debug|Any CPU
		{2B00F04B-3CB2-44E7-B49B-DA94FF74C66C}.Development|ARM64.ActiveCfg = Debug|Any CPU
		{2B00F04B-3CB2-44E7-B49B-DA94FF74C66C}.Development|ARM64.Build.0 = Debug|Any CPU
		{2B00F04B-3CB2-44E7-B49B-DA94FF74C66C}.Development|iOS.ActiveCfg = Debug|Any CPU
		{2B00F04B-3CB2-44E7-B49B-DA94FF74C66C}.Development|iOS.Build.0 = Debug|Any CPU
		{2B00F04B-3CB2-44E7-B49B-DA94FF74C66C}.Development|Windows-ARM.ActiveCfg = Debug|Any CPU
		{2B00F04B-3CB2-44E7-B49B-DA94FF74C66C}.Development|Windows-ARM.Build.0 = Debug|Any CPU
		{2B00F04B-3CB2-44E7-B49B-DA94FF74C66C}.Development|Windows-x64.ActiveCfg = Debug|Any CPU
		{2B00F04B-3CB2-44E7-B49B-DA94FF74C66C}.Development|Windows-x64.Build.0 = Debug|Any CPU
		{2B00F04B-3CB2-44E7-B49B-DA94FF74C66C}.Development|Windows-x86.ActiveCfg = Debug|Any CPU
		{2B00F04B-3CB2-44E7-B49B-DA94FF74C66C}.Development|Windows-x86.Build.0 = Debug|Any CPU
		{2B00F04B-3CB2-44E7-B49B-DA94FF74C66C}.Development|x64.ActiveCfg = Debug|Any CPU
		{2B00F04B-3CB2-44E7-B49B-DA94FF74C66C}.Development|x64.Build.0 = Debug|Any CPU
		{2B00F04B-3CB2-44E7-B49B-DA94FF74C66C}.Development|x86.ActiveCfg = Debug|Any CPU
		{2B00F04B-3CB2-44E7-B49B-DA94FF74C66C}.Development|x86.Build.0 = Debug|Any CPU
		{2B00F04B-3CB2-44E7-B49B-DA94FF74C66C}.Release|Android.ActiveCfg = Release|Any CPU
		{2B00F04B-3CB2-44E7-B49B-DA94FF74C66C}.Release|Android.Build.0 = Release|Any CPU
		{2B00F04B-3CB2-44E7-B49B-DA94FF74C66C}.Release|Any CPU.ActiveCfg = Release|Any CPU
		{2B00F04B-3CB2-44E7-B49B-DA94FF74C66C}.Release|Any CPU.Build.0 = Release|Any CPU
		{2B00F04B-3CB2-44E7-B49B-DA94FF74C66C}.Release|ARM.ActiveCfg = Release|Any CPU
		{2B00F04B-3CB2-44E7-B49B-DA94FF74C66C}.Release|ARM.Build.0 = Release|Any CPU
		{2B00F04B-3CB2-44E7-B49B-DA94FF74C66C}.Release|ARM64.ActiveCfg = Release|Any CPU
		{2B00F04B-3CB2-44E7-B49B-DA94FF74C66C}.Release|ARM64.Build.0 = Release|Any CPU
		{2B00F04B-3CB2-44E7-B49B-DA94FF74C66C}.Release|iOS.ActiveCfg = Release|Any CPU
		{2B00F04B-3CB2-44E7-B49B-DA94FF74C66C}.Release|iOS.Build.0 = Release|Any CPU
		{2B00F04B-3CB2-44E7-B49B-DA94FF74C66C}.Release|Windows-ARM.ActiveCfg = Release|Any CPU
		{2B00F04B-3CB2-44E7-B49B-DA94FF74C66C}.Release|Windows-ARM.Build.0 = Release|Any CPU
		{2B00F04B-3CB2-44E7-B49B-DA94FF74C66C}.Release|Windows-x64.ActiveCfg = Release|Any CPU
		{2B00F04B-3CB2-44E7-B49B-DA94FF74C66C}.Release|Windows-x64.Build.0 = Release|Any CPU
		{2B00F04B-3CB2-44E7-B49B-DA94FF74C66C}.Release|Windows-x86.ActiveCfg = Release|Any CPU
		{2B00F04B-3CB2-44E7-B49B-DA94FF74C66C}.Release|Windows-x86.Build.0 = Release|Any CPU
		{2B00F04B-3CB2-44E7-B49B-DA94FF74C66C}.Release|x64.ActiveCfg = Release|Any CPU
		{2B00F04B-3CB2-44E7-B49B-DA94FF74C66C}.Release|x64.Build.0 = Release|Any CPU
		{2B00F04B-3CB2-44E7-B49B-DA94FF74C66C}.Release|x86.ActiveCfg = Release|Any CPU
		{2B00F04B-3CB2-44E7-B49B-DA94FF74C66C}.Release|x86.Build.0 = Release|Any CPU
		{BD8B2678-7D32-4E3D-8A9D-CA1CE201285F}.Debug|Android.ActiveCfg = Debug|Any CPU
		{BD8B2678-7D32-4E3D-8A9D-CA1CE201285F}.Debug|Android.Build.0 = Debug|Any CPU
		{BD8B2678-7D32-4E3D-8A9D-CA1CE201285F}.Debug|Any CPU.ActiveCfg = Debug|Any CPU
		{BD8B2678-7D32-4E3D-8A9D-CA1CE201285F}.Debug|Any CPU.Build.0 = Debug|Any CPU
		{BD8B2678-7D32-4E3D-8A9D-CA1CE201285F}.Debug|ARM.ActiveCfg = Debug|Any CPU
		{BD8B2678-7D32-4E3D-8A9D-CA1CE201285F}.Debug|ARM.Build.0 = Debug|Any CPU
		{BD8B2678-7D32-4E3D-8A9D-CA1CE201285F}.Debug|ARM64.ActiveCfg = Debug|Any CPU
		{BD8B2678-7D32-4E3D-8A9D-CA1CE201285F}.Debug|ARM64.Build.0 = Debug|Any CPU
		{BD8B2678-7D32-4E3D-8A9D-CA1CE201285F}.Debug|iOS.ActiveCfg = Debug|Any CPU
		{BD8B2678-7D32-4E3D-8A9D-CA1CE201285F}.Debug|iOS.Build.0 = Debug|Any CPU
		{BD8B2678-7D32-4E3D-8A9D-CA1CE201285F}.Debug|Windows-ARM.ActiveCfg = Debug|Any CPU
		{BD8B2678-7D32-4E3D-8A9D-CA1CE201285F}.Debug|Windows-ARM.Build.0 = Debug|Any CPU
		{BD8B2678-7D32-4E3D-8A9D-CA1CE201285F}.Debug|Windows-x64.ActiveCfg = Debug|Any CPU
		{BD8B2678-7D32-4E3D-8A9D-CA1CE201285F}.Debug|Windows-x64.Build.0 = Debug|Any CPU
		{BD8B2678-7D32-4E3D-8A9D-CA1CE201285F}.Debug|Windows-x86.ActiveCfg = Debug|Any CPU
		{BD8B2678-7D32-4E3D-8A9D-CA1CE201285F}.Debug|Windows-x86.Build.0 = Debug|Any CPU
		{BD8B2678-7D32-4E3D-8A9D-CA1CE201285F}.Debug|x64.ActiveCfg = Debug|Any CPU
		{BD8B2678-7D32-4E3D-8A9D-CA1CE201285F}.Debug|x64.Build.0 = Debug|Any CPU
		{BD8B2678-7D32-4E3D-8A9D-CA1CE201285F}.Debug|x86.ActiveCfg = Debug|Any CPU
		{BD8B2678-7D32-4E3D-8A9D-CA1CE201285F}.Debug|x86.Build.0 = Debug|Any CPU
		{BD8B2678-7D32-4E3D-8A9D-CA1CE201285F}.Development|Android.ActiveCfg = Debug|Any CPU
		{BD8B2678-7D32-4E3D-8A9D-CA1CE201285F}.Development|Android.Build.0 = Debug|Any CPU
		{BD8B2678-7D32-4E3D-8A9D-CA1CE201285F}.Development|Any CPU.ActiveCfg = Debug|Any CPU
		{BD8B2678-7D32-4E3D-8A9D-CA1CE201285F}.Development|Any CPU.Build.0 = Debug|Any CPU
		{BD8B2678-7D32-4E3D-8A9D-CA1CE201285F}.Development|ARM.ActiveCfg = Debug|Any CPU
		{BD8B2678-7D32-4E3D-8A9D-CA1CE201285F}.Development|ARM.Build.0 = Debug|Any CPU
		{BD8B2678-7D32-4E3D-8A9D-CA1CE201285F}.Development|ARM64.ActiveCfg = Debug|Any CPU
		{BD8B2678-7D32-4E3D-8A9D-CA1CE201285F}.Development|ARM64.Build.0 = Debug|Any CPU
		{BD8B2678-7D32-4E3D-8A9D-CA1CE201285F}.Development|iOS.ActiveCfg = Debug|Any CPU
		{BD8B2678-7D32-4E3D-8A9D-CA1CE201285F}.Development|iOS.Build.0 = Debug|Any CPU
		{BD8B2678-7D32-4E3D-8A9D-CA1CE201285F}.Development|Windows-ARM.ActiveCfg = Debug|Any CPU
		{BD8B2678-7D32-4E3D-8A9D-CA1CE201285F}.Development|Windows-ARM.Build.0 = Debug|Any CPU
		{BD8B2678-7D32-4E3D-8A9D-CA1CE201285F}.Development|Windows-x64.ActiveCfg = Debug|Any CPU
		{BD8B2678-7D32-4E3D-8A9D-CA1CE201285F}.Development|Windows-x64.Build.0 = Debug|Any CPU
		{BD8B2678-7D32-4E3D-8A9D-CA1CE201285F}.Development|Windows-x86.ActiveCfg = Debug|Any CPU
		{BD8B2678-7D32-4E3D-8A9D-CA1CE201285F}.Development|Windows-x86.Build.0 = Debug|Any CPU
		{BD8B2678-7D32-4E3D-8A9D-CA1CE201285F}.Development|x64.ActiveCfg = Debug|Any CPU
		{BD8B2678-7D32-4E3D-8A9D-CA1CE201285F}.Development|x64.Build.0 = Debug|Any CPU
		{BD8B2678-7D32-4E3D-8A9D-CA1CE201285F}.Development|x86.ActiveCfg = Debug|Any CPU
		{BD8B2678-7D32-4E3D-8A9D-CA1CE201285F}.Development|x86.Build.0 = Debug|Any CPU
		{BD8B2678-7D32-4E3D-8A9D-CA1CE201285F}.Release|Android.ActiveCfg = Release|Any CPU
		{BD8B2678-7D32-4E3D-8A9D-CA1CE201285F}.Release|Android.Build.0 = Release|Any CPU
		{BD8B2678-7D32-4E3D-8A9D-CA1CE201285F}.Release|Any CPU.ActiveCfg = Release|Any CPU
		{BD8B2678-7D32-4E3D-8A9D-CA1CE201285F}.Release|Any CPU.Build.0 = Release|Any CPU
		{BD8B2678-7D32-4E3D-8A9D-CA1CE201285F}.Release|ARM.ActiveCfg = Release|Any CPU
		{BD8B2678-7D32-4E3D-8A9D-CA1CE201285F}.Release|ARM.Build.0 = Release|Any CPU
		{BD8B2678-7D32-4E3D-8A9D-CA1CE201285F}.Release|ARM64.ActiveCfg = Release|Any CPU
		{BD8B2678-7D32-4E3D-8A9D-CA1CE201285F}.Release|ARM64.Build.0 = Release|Any CPU
		{BD8B2678-7D32-4E3D-8A9D-CA1CE201285F}.Release|iOS.ActiveCfg = Release|Any CPU
		{BD8B2678-7D32-4E3D-8A9D-CA1CE201285F}.Release|iOS.Build.0 = Release|Any CPU
		{BD8B2678-7D32-4E3D-8A9D-CA1CE201285F}.Release|Windows-ARM.ActiveCfg = Release|Any CPU
		{BD8B2678-7D32-4E3D-8A9D-CA1CE201285F}.Release|Windows-ARM.Build.0 = Release|Any CPU
		{BD8B2678-7D32-4E3D-8A9D-CA1CE201285F}.Release|Windows-x64.ActiveCfg = Release|Any CPU
		{BD8B2678-7D32-4E3D-8A9D-CA1CE201285F}.Release|Windows-x64.Build.0 = Release|Any CPU
		{BD8B2678-7D32-4E3D-8A9D-CA1CE201285F}.Release|Windows-x86.ActiveCfg = Release|Any CPU
		{BD8B2678-7D32-4E3D-8A9D-CA1CE201285F}.Release|Windows-x86.Build.0 = Release|Any CPU
		{BD8B2678-7D32-4E3D-8A9D-CA1CE201285F}.Release|x64.ActiveCfg = Release|Any CPU
		{BD8B2678-7D32-4E3D-8A9D-CA1CE201285F}.Release|x64.Build.0 = Release|Any CPU
		{BD8B2678-7D32-4E3D-8A9D-CA1CE201285F}.Release|x86.ActiveCfg = Release|Any CPU
		{BD8B2678-7D32-4E3D-8A9D-CA1CE201285F}.Release|x86.Build.0 = Release|Any CPU
		{4FDCE381-AA97-4C5E-B4CF-F9EC6792DD2C}.Debug|Android.ActiveCfg = Debug|Any CPU
		{4FDCE381-AA97-4C5E-B4CF-F9EC6792DD2C}.Debug|Android.Build.0 = Debug|Any CPU
		{4FDCE381-AA97-4C5E-B4CF-F9EC6792DD2C}.Debug|Any CPU.ActiveCfg = Debug|Any CPU
		{4FDCE381-AA97-4C5E-B4CF-F9EC6792DD2C}.Debug|Any CPU.Build.0 = Debug|Any CPU
		{4FDCE381-AA97-4C5E-B4CF-F9EC6792DD2C}.Debug|ARM.ActiveCfg = Debug|Any CPU
		{4FDCE381-AA97-4C5E-B4CF-F9EC6792DD2C}.Debug|ARM.Build.0 = Debug|Any CPU
		{4FDCE381-AA97-4C5E-B4CF-F9EC6792DD2C}.Debug|ARM64.ActiveCfg = Debug|Any CPU
		{4FDCE381-AA97-4C5E-B4CF-F9EC6792DD2C}.Debug|ARM64.Build.0 = Debug|Any CPU
		{4FDCE381-AA97-4C5E-B4CF-F9EC6792DD2C}.Debug|iOS.ActiveCfg = Debug|Any CPU
		{4FDCE381-AA97-4C5E-B4CF-F9EC6792DD2C}.Debug|iOS.Build.0 = Debug|Any CPU
		{4FDCE381-AA97-4C5E-B4CF-F9EC6792DD2C}.Debug|Windows-ARM.ActiveCfg = Debug|Any CPU
		{4FDCE381-AA97-4C5E-B4CF-F9EC6792DD2C}.Debug|Windows-ARM.Build.0 = Debug|Any CPU
		{4FDCE381-AA97-4C5E-B4CF-F9EC6792DD2C}.Debug|Windows-x64.ActiveCfg = Debug|Any CPU
		{4FDCE381-AA97-4C5E-B4CF-F9EC6792DD2C}.Debug|Windows-x64.Build.0 = Debug|Any CPU
		{4FDCE381-AA97-4C5E-B4CF-F9EC6792DD2C}.Debug|Windows-x86.ActiveCfg = Debug|Any CPU
		{4FDCE381-AA97-4C5E-B4CF-F9EC6792DD2C}.Debug|Windows-x86.Build.0 = Debug|Any CPU
		{4FDCE381-AA97-4C5E-B4CF-F9EC6792DD2C}.Debug|x64.ActiveCfg = Debug|Any CPU
		{4FDCE381-AA97-4C5E-B4CF-F9EC6792DD2C}.Debug|x64.Build.0 = Debug|Any CPU
		{4FDCE381-AA97-4C5E-B4CF-F9EC6792DD2C}.Debug|x86.ActiveCfg = Debug|Any CPU
		{4FDCE381-AA97-4C5E-B4CF-F9EC6792DD2C}.Debug|x86.Build.0 = Debug|Any CPU
		{4FDCE381-AA97-4C5E-B4CF-F9EC6792DD2C}.Development|Android.ActiveCfg = Debug|Any CPU
		{4FDCE381-AA97-4C5E-B4CF-F9EC6792DD2C}.Development|Android.Build.0 = Debug|Any CPU
		{4FDCE381-AA97-4C5E-B4CF-F9EC6792DD2C}.Development|Any CPU.ActiveCfg = Debug|Any CPU
		{4FDCE381-AA97-4C5E-B4CF-F9EC6792DD2C}.Development|Any CPU.Build.0 = Debug|Any CPU
		{4FDCE381-AA97-4C5E-B4CF-F9EC6792DD2C}.Development|ARM.ActiveCfg = Debug|Any CPU
		{4FDCE381-AA97-4C5E-B4CF-F9EC6792DD2C}.Development|ARM.Build.0 = Debug|Any CPU
		{4FDCE381-AA97-4C5E-B4CF-F9EC6792DD2C}.Development|ARM64.ActiveCfg = Debug|Any CPU
		{4FDCE381-AA97-4C5E-B4CF-F9EC6792DD2C}.Development|ARM64.Build.0 = Debug|Any CPU
		{4FDCE381-AA97-4C5E-B4CF-F9EC6792DD2C}.Development|iOS.ActiveCfg = Debug|Any CPU
		{4FDCE381-AA97-4C5E-B4CF-F9EC6792DD2C}.Development|iOS.Build.0 = Debug|Any CPU
		{4FDCE381-AA97-4C5E-B4CF-F9EC6792DD2C}.Development|Windows-ARM.ActiveCfg = Debug|Any CPU
		{4FDCE381-AA97-4C5E-B4CF-F9EC6792DD2C}.Development|Windows-ARM.Build.0 = Debug|Any CPU
		{4FDCE381-AA97-4C5E-B4CF-F9EC6792DD2C}.Development|Windows-x64.ActiveCfg = Debug|Any CPU
		{4FDCE381-AA97-4C5E-B4CF-F9EC6792DD2C}.Development|Windows-x64.Build.0 = Debug|Any CPU
		{4FDCE381-AA97-4C5E-B4CF-F9EC6792DD2C}.Development|Windows-x86.ActiveCfg = Debug|Any CPU
		{4FDCE381-AA97-4C5E-B4CF-F9EC6792DD2C}.Development|Windows-x86.Build.0 = Debug|Any CPU
		{4FDCE381-AA97-4C5E-B4CF-F9EC6792DD2C}.Development|x64.ActiveCfg = Debug|Any CPU
		{4FDCE381-AA97-4C5E-B4CF-F9EC6792DD2C}.Development|x64.Build.0 = Debug|Any CPU
		{4FDCE381-AA97-4C5E-B4CF-F9EC6792DD2C}.Development|x86.ActiveCfg = Debug|Any CPU
		{4FDCE381-AA97-4C5E-B4CF-F9EC6792DD2C}.Development|x86.Build.0 = Debug|Any CPU
		{4FDCE381-AA97-4C5E-B4CF-F9EC6792DD2C}.Release|Android.ActiveCfg = Release|Any CPU
		{4FDCE381-AA97-4C5E-B4CF-F9EC6792DD2C}.Release|Android.Build.0 = Release|Any CPU
		{4FDCE381-AA97-4C5E-B4CF-F9EC6792DD2C}.Release|Any CPU.ActiveCfg = Release|Any CPU
		{4FDCE381-AA97-4C5E-B4CF-F9EC6792DD2C}.Release|Any CPU.Build.0 = Release|Any CPU
		{4FDCE381-AA97-4C5E-B4CF-F9EC6792DD2C}.Release|ARM.ActiveCfg = Release|Any CPU
		{4FDCE381-AA97-4C5E-B4CF-F9EC6792DD2C}.Release|ARM.Build.0 = Release|Any CPU
		{4FDCE381-AA97-4C5E-B4CF-F9EC6792DD2C}.Release|ARM64.ActiveCfg = Release|Any CPU
		{4FDCE381-AA97-4C5E-B4CF-F9EC6792DD2C}.Release|ARM64.Build.0 = Release|Any CPU
		{4FDCE381-AA97-4C5E-B4CF-F9EC6792DD2C}.Release|iOS.ActiveCfg = Release|Any CPU
		{4FDCE381-AA97-4C5E-B4CF-F9EC6792DD2C}.Release|iOS.Build.0 = Release|Any CPU
		{4FDCE381-AA97-4C5E-B4CF-F9EC6792DD2C}.Release|Windows-ARM.ActiveCfg = Release|Any CPU
		{4FDCE381-AA97-4C5E-B4CF-F9EC6792DD2C}.Release|Windows-ARM.Build.0 = Release|Any CPU
		{4FDCE381-AA97-4C5E-B4CF-F9EC6792DD2C}.Release|Windows-x64.ActiveCfg = Release|Any CPU
		{4FDCE381-AA97-4C5E-B4CF-F9EC6792DD2C}.Release|Windows-x64.Build.0 = Release|Any CPU
		{4FDCE381-AA97-4C5E-B4CF-F9EC6792DD2C}.Release|Windows-x86.ActiveCfg = Release|Any CPU
		{4FDCE381-AA97-4C5E-B4CF-F9EC6792DD2C}.Release|Windows-x86.Build.0 = Release|Any CPU
		{4FDCE381-AA97-4C5E-B4CF-F9EC6792DD2C}.Release|x64.ActiveCfg = Release|Any CPU
		{4FDCE381-AA97-4C5E-B4CF-F9EC6792DD2C}.Release|x64.Build.0 = Release|Any CPU
		{4FDCE381-AA97-4C5E-B4CF-F9EC6792DD2C}.Release|x86.ActiveCfg = Release|Any CPU
		{4FDCE381-AA97-4C5E-B4CF-F9EC6792DD2C}.Release|x86.Build.0 = Release|Any CPU
		{E5ABE3F5-46EC-46D1-9330-D42311471A93}.Debug|Android.ActiveCfg = Debug|Any CPU
		{E5ABE3F5-46EC-46D1-9330-D42311471A93}.Debug|Android.Build.0 = Debug|Any CPU
		{E5ABE3F5-46EC-46D1-9330-D42311471A93}.Debug|Any CPU.ActiveCfg = Debug|Any CPU
		{E5ABE3F5-46EC-46D1-9330-D42311471A93}.Debug|Any CPU.Build.0 = Debug|Any CPU
		{E5ABE3F5-46EC-46D1-9330-D42311471A93}.Debug|ARM.ActiveCfg = Debug|Any CPU
		{E5ABE3F5-46EC-46D1-9330-D42311471A93}.Debug|ARM.Build.0 = Debug|Any CPU
		{E5ABE3F5-46EC-46D1-9330-D42311471A93}.Debug|ARM64.ActiveCfg = Debug|Any CPU
		{E5ABE3F5-46EC-46D1-9330-D42311471A93}.Debug|ARM64.Build.0 = Debug|Any CPU
		{E5ABE3F5-46EC-46D1-9330-D42311471A93}.Debug|iOS.ActiveCfg = Debug|Any CPU
		{E5ABE3F5-46EC-46D1-9330-D42311471A93}.Debug|iOS.Build.0 = Debug|Any CPU
		{E5ABE3F5-46EC-46D1-9330-D42311471A93}.Debug|Windows-ARM.ActiveCfg = Debug|Any CPU
		{E5ABE3F5-46EC-46D1-9330-D42311471A93}.Debug|Windows-ARM.Build.0 = Debug|Any CPU
		{E5ABE3F5-46EC-46D1-9330-D42311471A93}.Debug|Windows-x64.ActiveCfg = Debug|Any CPU
		{E5ABE3F5-46EC-46D1-9330-D42311471A93}.Debug|Windows-x64.Build.0 = Debug|Any CPU
		{E5ABE3F5-46EC-46D1-9330-D42311471A93}.Debug|Windows-x86.ActiveCfg = Debug|Any CPU
		{E5ABE3F5-46EC-46D1-9330-D42311471A93}.Debug|Windows-x86.Build.0 = Debug|Any CPU
		{E5ABE3F5-46EC-46D1-9330-D42311471A93}.Debug|x64.ActiveCfg = Debug|x64
		{E5ABE3F5-46EC-46D1-9330-D42311471A93}.Debug|x64.Build.0 = Debug|x64
		{E5ABE3F5-46EC-46D1-9330-D42311471A93}.Debug|x86.ActiveCfg = Debug|Any CPU
		{E5ABE3F5-46EC-46D1-9330-D42311471A93}.Debug|x86.Build.0 = Debug|Any CPU
		{E5ABE3F5-46EC-46D1-9330-D42311471A93}.Development|Android.ActiveCfg = Debug|Any CPU
		{E5ABE3F5-46EC-46D1-9330-D42311471A93}.Development|Android.Build.0 = Debug|Any CPU
		{E5ABE3F5-46EC-46D1-9330-D42311471A93}.Development|Any CPU.ActiveCfg = Development|Any CPU
		{E5ABE3F5-46EC-46D1-9330-D42311471A93}.Development|Any CPU.Build.0 = Development|Any CPU
		{E5ABE3F5-46EC-46D1-9330-D42311471A93}.Development|ARM.ActiveCfg = Debug|Any CPU
		{E5ABE3F5-46EC-46D1-9330-D42311471A93}.Development|ARM.Build.0 = Debug|Any CPU
		{E5ABE3F5-46EC-46D1-9330-D42311471A93}.Development|ARM64.ActiveCfg = Debug|Any CPU
		{E5ABE3F5-46EC-46D1-9330-D42311471A93}.Development|ARM64.Build.0 = Debug|Any CPU
		{E5ABE3F5-46EC-46D1-9330-D42311471A93}.Development|iOS.ActiveCfg = Debug|Any CPU
		{E5ABE3F5-46EC-46D1-9330-D42311471A93}.Development|iOS.Build.0 = Debug|Any CPU
		{E5ABE3F5-46EC-46D1-9330-D42311471A93}.Development|Windows-ARM.ActiveCfg = Debug|Any CPU
		{E5ABE3F5-46EC-46D1-9330-D42311471A93}.Development|Windows-ARM.Build.0 = Debug|Any CPU
		{E5ABE3F5-46EC-46D1-9330-D42311471A93}.Development|Windows-x64.ActiveCfg = Debug|Any CPU
		{E5ABE3F5-46EC-46D1-9330-D42311471A93}.Development|Windows-x64.Build.0 = Debug|Any CPU
		{E5ABE3F5-46EC-46D1-9330-D42311471A93}.Development|Windows-x86.ActiveCfg = Debug|Any CPU
		{E5ABE3F5-46EC-46D1-9330-D42311471A93}.Development|Windows-x86.Build.0 = Debug|Any CPU
		{E5ABE3F5-46EC-46D1-9330-D42311471A93}.Development|x64.ActiveCfg = Development|x64
		{E5ABE3F5-46EC-46D1-9330-D42311471A93}.Development|x64.Build.0 = Development|x64
		{E5ABE3F5-46EC-46D1-9330-D42311471A93}.Development|x86.ActiveCfg = Debug|Any CPU
		{E5ABE3F5-46EC-46D1-9330-D42311471A93}.Development|x86.Build.0 = Debug|Any CPU
		{E5ABE3F5-46EC-46D1-9330-D42311471A93}.Release|Android.ActiveCfg = Release|Any CPU
		{E5ABE3F5-46EC-46D1-9330-D42311471A93}.Release|Android.Build.0 = Release|Any CPU
		{E5ABE3F5-46EC-46D1-9330-D42311471A93}.Release|Any CPU.ActiveCfg = Release|Any CPU
		{E5ABE3F5-46EC-46D1-9330-D42311471A93}.Release|Any CPU.Build.0 = Release|Any CPU
		{E5ABE3F5-46EC-46D1-9330-D42311471A93}.Release|ARM.ActiveCfg = Release|Any CPU
		{E5ABE3F5-46EC-46D1-9330-D42311471A93}.Release|ARM.Build.0 = Release|Any CPU
		{E5ABE3F5-46EC-46D1-9330-D42311471A93}.Release|ARM64.ActiveCfg = Release|Any CPU
		{E5ABE3F5-46EC-46D1-9330-D42311471A93}.Release|ARM64.Build.0 = Release|Any CPU
		{E5ABE3F5-46EC-46D1-9330-D42311471A93}.Release|iOS.ActiveCfg = Release|Any CPU
		{E5ABE3F5-46EC-46D1-9330-D42311471A93}.Release|iOS.Build.0 = Release|Any CPU
		{E5ABE3F5-46EC-46D1-9330-D42311471A93}.Release|Windows-ARM.ActiveCfg = Release|Any CPU
		{E5ABE3F5-46EC-46D1-9330-D42311471A93}.Release|Windows-ARM.Build.0 = Release|Any CPU
		{E5ABE3F5-46EC-46D1-9330-D42311471A93}.Release|Windows-x64.ActiveCfg = Release|Any CPU
		{E5ABE3F5-46EC-46D1-9330-D42311471A93}.Release|Windows-x64.Build.0 = Release|Any CPU
		{E5ABE3F5-46EC-46D1-9330-D42311471A93}.Release|Windows-x86.ActiveCfg = Release|Any CPU
		{E5ABE3F5-46EC-46D1-9330-D42311471A93}.Release|Windows-x86.Build.0 = Release|Any CPU
		{E5ABE3F5-46EC-46D1-9330-D42311471A93}.Release|x64.ActiveCfg = Release|x64
		{E5ABE3F5-46EC-46D1-9330-D42311471A93}.Release|x64.Build.0 = Release|x64
		{E5ABE3F5-46EC-46D1-9330-D42311471A93}.Release|x86.ActiveCfg = Release|Any CPU
		{E5ABE3F5-46EC-46D1-9330-D42311471A93}.Release|x86.Build.0 = Release|Any CPU
		{3AF089A2-9DA0-40C3-AD3A-92253F497BC8}.Debug|Android.ActiveCfg = Debug|Any CPU
		{3AF089A2-9DA0-40C3-AD3A-92253F497BC8}.Debug|Android.Build.0 = Debug|Any CPU
		{3AF089A2-9DA0-40C3-AD3A-92253F497BC8}.Debug|Any CPU.ActiveCfg = Debug|Any CPU
		{3AF089A2-9DA0-40C3-AD3A-92253F497BC8}.Debug|Any CPU.Build.0 = Debug|Any CPU
		{3AF089A2-9DA0-40C3-AD3A-92253F497BC8}.Debug|ARM.ActiveCfg = Debug|Any CPU
		{3AF089A2-9DA0-40C3-AD3A-92253F497BC8}.Debug|ARM.Build.0 = Debug|Any CPU
		{3AF089A2-9DA0-40C3-AD3A-92253F497BC8}.Debug|ARM64.ActiveCfg = Debug|Any CPU
		{3AF089A2-9DA0-40C3-AD3A-92253F497BC8}.Debug|ARM64.Build.0 = Debug|Any CPU
		{3AF089A2-9DA0-40C3-AD3A-92253F497BC8}.Debug|iOS.ActiveCfg = Debug|Any CPU
		{3AF089A2-9DA0-40C3-AD3A-92253F497BC8}.Debug|iOS.Build.0 = Debug|Any CPU
		{3AF089A2-9DA0-40C3-AD3A-92253F497BC8}.Debug|Windows-ARM.ActiveCfg = Debug|Any CPU
		{3AF089A2-9DA0-40C3-AD3A-92253F497BC8}.Debug|Windows-ARM.Build.0 = Debug|Any CPU
		{3AF089A2-9DA0-40C3-AD3A-92253F497BC8}.Debug|Windows-x64.ActiveCfg = Debug|Any CPU
		{3AF089A2-9DA0-40C3-AD3A-92253F497BC8}.Debug|Windows-x64.Build.0 = Debug|Any CPU
		{3AF089A2-9DA0-40C3-AD3A-92253F497BC8}.Debug|Windows-x86.ActiveCfg = Debug|Any CPU
		{3AF089A2-9DA0-40C3-AD3A-92253F497BC8}.Debug|Windows-x86.Build.0 = Debug|Any CPU
		{3AF089A2-9DA0-40C3-AD3A-92253F497BC8}.Debug|x64.ActiveCfg = Debug|x64
		{3AF089A2-9DA0-40C3-AD3A-92253F497BC8}.Debug|x64.Build.0 = Debug|x64
		{3AF089A2-9DA0-40C3-AD3A-92253F497BC8}.Debug|x86.ActiveCfg = Debug|Any CPU
		{3AF089A2-9DA0-40C3-AD3A-92253F497BC8}.Debug|x86.Build.0 = Debug|Any CPU
		{3AF089A2-9DA0-40C3-AD3A-92253F497BC8}.Development|Android.ActiveCfg = Debug|Any CPU
		{3AF089A2-9DA0-40C3-AD3A-92253F497BC8}.Development|Android.Build.0 = Debug|Any CPU
		{3AF089A2-9DA0-40C3-AD3A-92253F497BC8}.Development|Any CPU.ActiveCfg = Debug|Any CPU
		{3AF089A2-9DA0-40C3-AD3A-92253F497BC8}.Development|Any CPU.Build.0 = Debug|Any CPU
		{3AF089A2-9DA0-40C3-AD3A-92253F497BC8}.Development|ARM.ActiveCfg = Debug|Any CPU
		{3AF089A2-9DA0-40C3-AD3A-92253F497BC8}.Development|ARM.Build.0 = Debug|Any CPU
		{3AF089A2-9DA0-40C3-AD3A-92253F497BC8}.Development|ARM64.ActiveCfg = Debug|Any CPU
		{3AF089A2-9DA0-40C3-AD3A-92253F497BC8}.Development|ARM64.Build.0 = Debug|Any CPU
		{3AF089A2-9DA0-40C3-AD3A-92253F497BC8}.Development|iOS.ActiveCfg = Debug|Any CPU
		{3AF089A2-9DA0-40C3-AD3A-92253F497BC8}.Development|iOS.Build.0 = Debug|Any CPU
		{3AF089A2-9DA0-40C3-AD3A-92253F497BC8}.Development|Windows-ARM.ActiveCfg = Debug|Any CPU
		{3AF089A2-9DA0-40C3-AD3A-92253F497BC8}.Development|Windows-ARM.Build.0 = Debug|Any CPU
		{3AF089A2-9DA0-40C3-AD3A-92253F497BC8}.Development|Windows-x64.ActiveCfg = Debug|Any CPU
		{3AF089A2-9DA0-40C3-AD3A-92253F497BC8}.Development|Windows-x64.Build.0 = Debug|Any CPU
		{3AF089A2-9DA0-40C3-AD3A-92253F497BC8}.Development|Windows-x86.ActiveCfg = Debug|Any CPU
		{3AF089A2-9DA0-40C3-AD3A-92253F497BC8}.Development|Windows-x86.Build.0 = Debug|Any CPU
		{3AF089A2-9DA0-40C3-AD3A-92253F497BC8}.Development|x64.ActiveCfg = Debug|x64
		{3AF089A2-9DA0-40C3-AD3A-92253F497BC8}.Development|x64.Build.0 = Debug|x64
		{3AF089A2-9DA0-40C3-AD3A-92253F497BC8}.Development|x86.ActiveCfg = Debug|Any CPU
		{3AF089A2-9DA0-40C3-AD3A-92253F497BC8}.Development|x86.Build.0 = Debug|Any CPU
		{3AF089A2-9DA0-40C3-AD3A-92253F497BC8}.Release|Android.ActiveCfg = Release|Any CPU
		{3AF089A2-9DA0-40C3-AD3A-92253F497BC8}.Release|Android.Build.0 = Release|Any CPU
		{3AF089A2-9DA0-40C3-AD3A-92253F497BC8}.Release|Any CPU.ActiveCfg = Release|Any CPU
		{3AF089A2-9DA0-40C3-AD3A-92253F497BC8}.Release|Any CPU.Build.0 = Release|Any CPU
		{3AF089A2-9DA0-40C3-AD3A-92253F497BC8}.Release|ARM.ActiveCfg = Release|Any CPU
		{3AF089A2-9DA0-40C3-AD3A-92253F497BC8}.Release|ARM.Build.0 = Release|Any CPU
		{3AF089A2-9DA0-40C3-AD3A-92253F497BC8}.Release|ARM64.ActiveCfg = Release|Any CPU
		{3AF089A2-9DA0-40C3-AD3A-92253F497BC8}.Release|ARM64.Build.0 = Release|Any CPU
		{3AF089A2-9DA0-40C3-AD3A-92253F497BC8}.Release|iOS.ActiveCfg = Release|Any CPU
		{3AF089A2-9DA0-40C3-AD3A-92253F497BC8}.Release|iOS.Build.0 = Release|Any CPU
		{3AF089A2-9DA0-40C3-AD3A-92253F497BC8}.Release|Windows-ARM.ActiveCfg = Release|Any CPU
		{3AF089A2-9DA0-40C3-AD3A-92253F497BC8}.Release|Windows-ARM.Build.0 = Release|Any CPU
		{3AF089A2-9DA0-40C3-AD3A-92253F497BC8}.Release|Windows-x64.ActiveCfg = Release|Any CPU
		{3AF089A2-9DA0-40C3-AD3A-92253F497BC8}.Release|Windows-x64.Build.0 = Release|Any CPU
		{3AF089A2-9DA0-40C3-AD3A-92253F497BC8}.Release|Windows-x86.ActiveCfg = Release|Any CPU
		{3AF089A2-9DA0-40C3-AD3A-92253F497BC8}.Release|Windows-x86.Build.0 = Release|Any CPU
		{3AF089A2-9DA0-40C3-AD3A-92253F497BC8}.Release|x64.ActiveCfg = Release|x64
		{3AF089A2-9DA0-40C3-AD3A-92253F497BC8}.Release|x64.Build.0 = Release|x64
		{3AF089A2-9DA0-40C3-AD3A-92253F497BC8}.Release|x86.ActiveCfg = Release|Any CPU
		{3AF089A2-9DA0-40C3-AD3A-92253F497BC8}.Release|x86.Build.0 = Release|Any CPU
		{80D80B0F-0DC0-49E2-97C2-3CC6436FA61F}.Debug|Android.ActiveCfg = Debug|Any CPU
		{80D80B0F-0DC0-49E2-97C2-3CC6436FA61F}.Debug|Android.Build.0 = Debug|Any CPU
		{80D80B0F-0DC0-49E2-97C2-3CC6436FA61F}.Debug|Any CPU.ActiveCfg = Debug|Any CPU
		{80D80B0F-0DC0-49E2-97C2-3CC6436FA61F}.Debug|Any CPU.Build.0 = Debug|Any CPU
		{80D80B0F-0DC0-49E2-97C2-3CC6436FA61F}.Debug|ARM.ActiveCfg = Debug|Any CPU
		{80D80B0F-0DC0-49E2-97C2-3CC6436FA61F}.Debug|ARM.Build.0 = Debug|Any CPU
		{80D80B0F-0DC0-49E2-97C2-3CC6436FA61F}.Debug|ARM64.ActiveCfg = Debug|Any CPU
		{80D80B0F-0DC0-49E2-97C2-3CC6436FA61F}.Debug|ARM64.Build.0 = Debug|Any CPU
		{80D80B0F-0DC0-49E2-97C2-3CC6436FA61F}.Debug|iOS.ActiveCfg = Debug|Any CPU
		{80D80B0F-0DC0-49E2-97C2-3CC6436FA61F}.Debug|iOS.Build.0 = Debug|Any CPU
		{80D80B0F-0DC0-49E2-97C2-3CC6436FA61F}.Debug|Windows-ARM.ActiveCfg = Debug|Any CPU
		{80D80B0F-0DC0-49E2-97C2-3CC6436FA61F}.Debug|Windows-ARM.Build.0 = Debug|Any CPU
		{80D80B0F-0DC0-49E2-97C2-3CC6436FA61F}.Debug|Windows-x64.ActiveCfg = Debug|Any CPU
		{80D80B0F-0DC0-49E2-97C2-3CC6436FA61F}.Debug|Windows-x64.Build.0 = Debug|Any CPU
		{80D80B0F-0DC0-49E2-97C2-3CC6436FA61F}.Debug|Windows-x86.ActiveCfg = Debug|Any CPU
		{80D80B0F-0DC0-49E2-97C2-3CC6436FA61F}.Debug|Windows-x86.Build.0 = Debug|Any CPU
		{80D80B0F-0DC0-49E2-97C2-3CC6436FA61F}.Debug|x64.ActiveCfg = Debug|x64
		{80D80B0F-0DC0-49E2-97C2-3CC6436FA61F}.Debug|x64.Build.0 = Debug|x64
		{80D80B0F-0DC0-49E2-97C2-3CC6436FA61F}.Debug|x86.ActiveCfg = Debug|Any CPU
		{80D80B0F-0DC0-49E2-97C2-3CC6436FA61F}.Debug|x86.Build.0 = Debug|Any CPU
		{80D80B0F-0DC0-49E2-97C2-3CC6436FA61F}.Development|Android.ActiveCfg = Debug|Any CPU
		{80D80B0F-0DC0-49E2-97C2-3CC6436FA61F}.Development|Android.Build.0 = Debug|Any CPU
		{80D80B0F-0DC0-49E2-97C2-3CC6436FA61F}.Development|Any CPU.ActiveCfg = Development|Any CPU
		{80D80B0F-0DC0-49E2-97C2-3CC6436FA61F}.Development|Any CPU.Build.0 = Development|Any CPU
		{80D80B0F-0DC0-49E2-97C2-3CC6436FA61F}.Development|ARM.ActiveCfg = Debug|Any CPU
		{80D80B0F-0DC0-49E2-97C2-3CC6436FA61F}.Development|ARM.Build.0 = Debug|Any CPU
		{80D80B0F-0DC0-49E2-97C2-3CC6436FA61F}.Development|ARM64.ActiveCfg = Debug|Any CPU
		{80D80B0F-0DC0-49E2-97C2-3CC6436FA61F}.Development|ARM64.Build.0 = Debug|Any CPU
		{80D80B0F-0DC0-49E2-97C2-3CC6436FA61F}.Development|iOS.ActiveCfg = Debug|Any CPU
		{80D80B0F-0DC0-49E2-97C2-3CC6436FA61F}.Development|iOS.Build.0 = Debug|Any CPU
		{80D80B0F-0DC0-49E2-97C2-3CC6436FA61F}.Development|Windows-ARM.ActiveCfg = Debug|Any CPU
		{80D80B0F-0DC0-49E2-97C2-3CC6436FA61F}.Development|Windows-ARM.Build.0 = Debug|Any CPU
		{80D80B0F-0DC0-49E2-97C2-3CC6436FA61F}.Development|Windows-x64.ActiveCfg = Debug|Any CPU
		{80D80B0F-0DC0-49E2-97C2-3CC6436FA61F}.Development|Windows-x64.Build.0 = Debug|Any CPU
		{80D80B0F-0DC0-49E2-97C2-3CC6436FA61F}.Development|Windows-x86.ActiveCfg = Debug|Any CPU
		{80D80B0F-0DC0-49E2-97C2-3CC6436FA61F}.Development|Windows-x86.Build.0 = Debug|Any CPU
		{80D80B0F-0DC0-49E2-97C2-3CC6436FA61F}.Development|x64.ActiveCfg = Development|x64
		{80D80B0F-0DC0-49E2-97C2-3CC6436FA61F}.Development|x64.Build.0 = Development|x64
		{80D80B0F-0DC0-49E2-97C2-3CC6436FA61F}.Development|x86.ActiveCfg = Debug|Any CPU
		{80D80B0F-0DC0-49E2-97C2-3CC6436FA61F}.Development|x86.Build.0 = Debug|Any CPU
		{80D80B0F-0DC0-49E2-97C2-3CC6436FA61F}.Release|Android.ActiveCfg = Release|Any CPU
		{80D80B0F-0DC0-49E2-97C2-3CC6436FA61F}.Release|Android.Build.0 = Release|Any CPU
		{80D80B0F-0DC0-49E2-97C2-3CC6436FA61F}.Release|Any CPU.ActiveCfg = Release|Any CPU
		{80D80B0F-0DC0-49E2-97C2-3CC6436FA61F}.Release|Any CPU.Build.0 = Release|Any CPU
		{80D80B0F-0DC0-49E2-97C2-3CC6436FA61F}.Release|ARM.ActiveCfg = Release|Any CPU
		{80D80B0F-0DC0-49E2-97C2-3CC6436FA61F}.Release|ARM.Build.0 = Release|Any CPU
		{80D80B0F-0DC0-49E2-97C2-3CC6436FA61F}.Release|ARM64.ActiveCfg = Release|Any CPU
		{80D80B0F-0DC0-49E2-97C2-3CC6436FA61F}.Release|ARM64.Build.0 = Release|Any CPU
		{80D80B0F-0DC0-49E2-97C2-3CC6436FA61F}.Release|iOS.ActiveCfg = Release|Any CPU
		{80D80B0F-0DC0-49E2-97C2-3CC6436FA61F}.Release|iOS.Build.0 = Release|Any CPU
		{80D80B0F-0DC0-49E2-97C2-3CC6436FA61F}.Release|Windows-ARM.ActiveCfg = Release|Any CPU
		{80D80B0F-0DC0-49E2-97C2-3CC6436FA61F}.Release|Windows-ARM.Build.0 = Release|Any CPU
		{80D80B0F-0DC0-49E2-97C2-3CC6436FA61F}.Release|Windows-x64.ActiveCfg = Release|Any CPU
		{80D80B0F-0DC0-49E2-97C2-3CC6436FA61F}.Release|Windows-x64.Build.0 = Release|Any CPU
		{80D80B0F-0DC0-49E2-97C2-3CC6436FA61F}.Release|Windows-x86.ActiveCfg = Release|Any CPU
		{80D80B0F-0DC0-49E2-97C2-3CC6436FA61F}.Release|Windows-x86.Build.0 = Release|Any CPU
		{80D80B0F-0DC0-49E2-97C2-3CC6436FA61F}.Release|x64.ActiveCfg = Release|x64
		{80D80B0F-0DC0-49E2-97C2-3CC6436FA61F}.Release|x64.Build.0 = Release|x64
		{80D80B0F-0DC0-49E2-97C2-3CC6436FA61F}.Release|x86.ActiveCfg = Release|Any CPU
		{80D80B0F-0DC0-49E2-97C2-3CC6436FA61F}.Release|x86.Build.0 = Release|Any CPU
		{06BA10F4-279C-4E82-B77C-333706A617B9}.Debug|Android.ActiveCfg = Debug|Any CPU
		{06BA10F4-279C-4E82-B77C-333706A617B9}.Debug|Android.Build.0 = Debug|Any CPU
		{06BA10F4-279C-4E82-B77C-333706A617B9}.Debug|Any CPU.ActiveCfg = Debug|Any CPU
		{06BA10F4-279C-4E82-B77C-333706A617B9}.Debug|Any CPU.Build.0 = Debug|Any CPU
		{06BA10F4-279C-4E82-B77C-333706A617B9}.Debug|ARM.ActiveCfg = Debug|Any CPU
		{06BA10F4-279C-4E82-B77C-333706A617B9}.Debug|ARM.Build.0 = Debug|Any CPU
		{06BA10F4-279C-4E82-B77C-333706A617B9}.Debug|ARM64.ActiveCfg = Debug|Any CPU
		{06BA10F4-279C-4E82-B77C-333706A617B9}.Debug|ARM64.Build.0 = Debug|Any CPU
		{06BA10F4-279C-4E82-B77C-333706A617B9}.Debug|iOS.ActiveCfg = Debug|Any CPU
		{06BA10F4-279C-4E82-B77C-333706A617B9}.Debug|iOS.Build.0 = Debug|Any CPU
		{06BA10F4-279C-4E82-B77C-333706A617B9}.Debug|Windows-ARM.ActiveCfg = Debug|Any CPU
		{06BA10F4-279C-4E82-B77C-333706A617B9}.Debug|Windows-ARM.Build.0 = Debug|Any CPU
		{06BA10F4-279C-4E82-B77C-333706A617B9}.Debug|Windows-x64.ActiveCfg = Debug|Any CPU
		{06BA10F4-279C-4E82-B77C-333706A617B9}.Debug|Windows-x64.Build.0 = Debug|Any CPU
		{06BA10F4-279C-4E82-B77C-333706A617B9}.Debug|Windows-x86.ActiveCfg = Debug|Any CPU
		{06BA10F4-279C-4E82-B77C-333706A617B9}.Debug|Windows-x86.Build.0 = Debug|Any CPU
		{06BA10F4-279C-4E82-B77C-333706A617B9}.Debug|x64.ActiveCfg = Debug|x64
		{06BA10F4-279C-4E82-B77C-333706A617B9}.Debug|x64.Build.0 = Debug|x64
		{06BA10F4-279C-4E82-B77C-333706A617B9}.Debug|x86.ActiveCfg = Debug|Any CPU
		{06BA10F4-279C-4E82-B77C-333706A617B9}.Debug|x86.Build.0 = Debug|Any CPU
		{06BA10F4-279C-4E82-B77C-333706A617B9}.Development|Android.ActiveCfg = Debug|Any CPU
		{06BA10F4-279C-4E82-B77C-333706A617B9}.Development|Android.Build.0 = Debug|Any CPU
		{06BA10F4-279C-4E82-B77C-333706A617B9}.Development|Any CPU.ActiveCfg = Debug|Any CPU
		{06BA10F4-279C-4E82-B77C-333706A617B9}.Development|Any CPU.Build.0 = Debug|Any CPU
		{06BA10F4-279C-4E82-B77C-333706A617B9}.Development|ARM.ActiveCfg = Debug|Any CPU
		{06BA10F4-279C-4E82-B77C-333706A617B9}.Development|ARM.Build.0 = Debug|Any CPU
		{06BA10F4-279C-4E82-B77C-333706A617B9}.Development|ARM64.ActiveCfg = Debug|Any CPU
		{06BA10F4-279C-4E82-B77C-333706A617B9}.Development|ARM64.Build.0 = Debug|Any CPU
		{06BA10F4-279C-4E82-B77C-333706A617B9}.Development|iOS.ActiveCfg = Debug|Any CPU
		{06BA10F4-279C-4E82-B77C-333706A617B9}.Development|iOS.Build.0 = Debug|Any CPU
		{06BA10F4-279C-4E82-B77C-333706A617B9}.Development|Windows-ARM.ActiveCfg = Debug|Any CPU
		{06BA10F4-279C-4E82-B77C-333706A617B9}.Development|Windows-ARM.Build.0 = Debug|Any CPU
		{06BA10F4-279C-4E82-B77C-333706A617B9}.Development|Windows-x64.ActiveCfg = Debug|Any CPU
		{06BA10F4-279C-4E82-B77C-333706A617B9}.Development|Windows-x64.Build.0 = Debug|Any CPU
		{06BA10F4-279C-4E82-B77C-333706A617B9}.Development|Windows-x86.ActiveCfg = Debug|Any CPU
		{06BA10F4-279C-4E82-B77C-333706A617B9}.Development|Windows-x86.Build.0 = Debug|Any CPU
		{06BA10F4-279C-4E82-B77C-333706A617B9}.Development|x64.ActiveCfg = Debug|x64
		{06BA10F4-279C-4E82-B77C-333706A617B9}.Development|x64.Build.0 = Debug|x64
		{06BA10F4-279C-4E82-B77C-333706A617B9}.Development|x86.ActiveCfg = Debug|Any CPU
		{06BA10F4-279C-4E82-B77C-333706A617B9}.Development|x86.Build.0 = Debug|Any CPU
		{06BA10F4-279C-4E82-B77C-333706A617B9}.Release|Android.ActiveCfg = Release|Any CPU
		{06BA10F4-279C-4E82-B77C-333706A617B9}.Release|Android.Build.0 = Release|Any CPU
		{06BA10F4-279C-4E82-B77C-333706A617B9}.Release|Any CPU.ActiveCfg = Release|Any CPU
		{06BA10F4-279C-4E82-B77C-333706A617B9}.Release|Any CPU.Build.0 = Release|Any CPU
		{06BA10F4-279C-4E82-B77C-333706A617B9}.Release|ARM.ActiveCfg = Release|Any CPU
		{06BA10F4-279C-4E82-B77C-333706A617B9}.Release|ARM.Build.0 = Release|Any CPU
		{06BA10F4-279C-4E82-B77C-333706A617B9}.Release|ARM64.ActiveCfg = Release|Any CPU
		{06BA10F4-279C-4E82-B77C-333706A617B9}.Release|ARM64.Build.0 = Release|Any CPU
		{06BA10F4-279C-4E82-B77C-333706A617B9}.Release|iOS.ActiveCfg = Release|Any CPU
		{06BA10F4-279C-4E82-B77C-333706A617B9}.Release|iOS.Build.0 = Release|Any CPU
		{06BA10F4-279C-4E82-B77C-333706A617B9}.Release|Windows-ARM.ActiveCfg = Release|Any CPU
		{06BA10F4-279C-4E82-B77C-333706A617B9}.Release|Windows-ARM.Build.0 = Release|Any CPU
		{06BA10F4-279C-4E82-B77C-333706A617B9}.Release|Windows-x64.ActiveCfg = Release|Any CPU
		{06BA10F4-279C-4E82-B77C-333706A617B9}.Release|Windows-x64.Build.0 = Release|Any CPU
		{06BA10F4-279C-4E82-B77C-333706A617B9}.Release|Windows-x86.ActiveCfg = Release|Any CPU
		{06BA10F4-279C-4E82-B77C-333706A617B9}.Release|Windows-x86.Build.0 = Release|Any CPU
		{06BA10F4-279C-4E82-B77C-333706A617B9}.Release|x64.ActiveCfg = Release|x64
		{06BA10F4-279C-4E82-B77C-333706A617B9}.Release|x64.Build.0 = Release|x64
		{06BA10F4-279C-4E82-B77C-333706A617B9}.Release|x86.ActiveCfg = Release|Any CPU
		{06BA10F4-279C-4E82-B77C-333706A617B9}.Release|x86.Build.0 = Release|Any CPU
		{5F79059E-6954-45C1-8929-27683551D25A}.Debug|Android.ActiveCfg = Debug|Any CPU
		{5F79059E-6954-45C1-8929-27683551D25A}.Debug|Android.Build.0 = Debug|Any CPU
		{5F79059E-6954-45C1-8929-27683551D25A}.Debug|Any CPU.ActiveCfg = Debug|Any CPU
		{5F79059E-6954-45C1-8929-27683551D25A}.Debug|Any CPU.Build.0 = Debug|Any CPU
		{5F79059E-6954-45C1-8929-27683551D25A}.Debug|ARM.ActiveCfg = Debug|Any CPU
		{5F79059E-6954-45C1-8929-27683551D25A}.Debug|ARM.Build.0 = Debug|Any CPU
		{5F79059E-6954-45C1-8929-27683551D25A}.Debug|ARM64.ActiveCfg = Debug|Any CPU
		{5F79059E-6954-45C1-8929-27683551D25A}.Debug|ARM64.Build.0 = Debug|Any CPU
		{5F79059E-6954-45C1-8929-27683551D25A}.Debug|iOS.ActiveCfg = Debug|Any CPU
		{5F79059E-6954-45C1-8929-27683551D25A}.Debug|iOS.Build.0 = Debug|Any CPU
		{5F79059E-6954-45C1-8929-27683551D25A}.Debug|Windows-ARM.ActiveCfg = Debug|Any CPU
		{5F79059E-6954-45C1-8929-27683551D25A}.Debug|Windows-ARM.Build.0 = Debug|Any CPU
		{5F79059E-6954-45C1-8929-27683551D25A}.Debug|Windows-x64.ActiveCfg = Debug|Any CPU
		{5F79059E-6954-45C1-8929-27683551D25A}.Debug|Windows-x64.Build.0 = Debug|Any CPU
		{5F79059E-6954-45C1-8929-27683551D25A}.Debug|Windows-x86.ActiveCfg = Debug|Any CPU
		{5F79059E-6954-45C1-8929-27683551D25A}.Debug|Windows-x86.Build.0 = Debug|Any CPU
		{5F79059E-6954-45C1-8929-27683551D25A}.Debug|x64.ActiveCfg = Debug|Any CPU
		{5F79059E-6954-45C1-8929-27683551D25A}.Debug|x64.Build.0 = Debug|Any CPU
		{5F79059E-6954-45C1-8929-27683551D25A}.Debug|x86.ActiveCfg = Debug|Any CPU
		{5F79059E-6954-45C1-8929-27683551D25A}.Debug|x86.Build.0 = Debug|Any CPU
		{5F79059E-6954-45C1-8929-27683551D25A}.Development|Android.ActiveCfg = Debug|Any CPU
		{5F79059E-6954-45C1-8929-27683551D25A}.Development|Android.Build.0 = Debug|Any CPU
		{5F79059E-6954-45C1-8929-27683551D25A}.Development|Any CPU.ActiveCfg = Debug|Any CPU
		{5F79059E-6954-45C1-8929-27683551D25A}.Development|Any CPU.Build.0 = Debug|Any CPU
		{5F79059E-6954-45C1-8929-27683551D25A}.Development|ARM.ActiveCfg = Debug|Any CPU
		{5F79059E-6954-45C1-8929-27683551D25A}.Development|ARM.Build.0 = Debug|Any CPU
		{5F79059E-6954-45C1-8929-27683551D25A}.Development|ARM64.ActiveCfg = Debug|Any CPU
		{5F79059E-6954-45C1-8929-27683551D25A}.Development|ARM64.Build.0 = Debug|Any CPU
		{5F79059E-6954-45C1-8929-27683551D25A}.Development|iOS.ActiveCfg = Debug|Any CPU
		{5F79059E-6954-45C1-8929-27683551D25A}.Development|iOS.Build.0 = Debug|Any CPU
		{5F79059E-6954-45C1-8929-27683551D25A}.Development|Windows-ARM.ActiveCfg = Debug|Any CPU
		{5F79059E-6954-45C1-8929-27683551D25A}.Development|Windows-ARM.Build.0 = Debug|Any CPU
		{5F79059E-6954-45C1-8929-27683551D25A}.Development|Windows-x64.ActiveCfg = Debug|Any CPU
		{5F79059E-6954-45C1-8929-27683551D25A}.Development|Windows-x64.Build.0 = Debug|Any CPU
		{5F79059E-6954-45C1-8929-27683551D25A}.Development|Windows-x86.ActiveCfg = Debug|Any CPU
		{5F79059E-6954-45C1-8929-27683551D25A}.Development|Windows-x86.Build.0 = Debug|Any CPU
		{5F79059E-6954-45C1-8929-27683551D25A}.Development|x64.ActiveCfg = Debug|Any CPU
		{5F79059E-6954-45C1-8929-27683551D25A}.Development|x64.Build.0 = Debug|Any CPU
		{5F79059E-6954-45C1-8929-27683551D25A}.Development|x86.ActiveCfg = Debug|Any CPU
		{5F79059E-6954-45C1-8929-27683551D25A}.Development|x86.Build.0 = Debug|Any CPU
		{5F79059E-6954-45C1-8929-27683551D25A}.Release|Android.ActiveCfg = Release|Any CPU
		{5F79059E-6954-45C1-8929-27683551D25A}.Release|Android.Build.0 = Release|Any CPU
		{5F79059E-6954-45C1-8929-27683551D25A}.Release|Any CPU.ActiveCfg = Release|Any CPU
		{5F79059E-6954-45C1-8929-27683551D25A}.Release|Any CPU.Build.0 = Release|Any CPU
		{5F79059E-6954-45C1-8929-27683551D25A}.Release|ARM.ActiveCfg = Release|Any CPU
		{5F79059E-6954-45C1-8929-27683551D25A}.Release|ARM.Build.0 = Release|Any CPU
		{5F79059E-6954-45C1-8929-27683551D25A}.Release|ARM64.ActiveCfg = Release|Any CPU
		{5F79059E-6954-45C1-8929-27683551D25A}.Release|ARM64.Build.0 = Release|Any CPU
		{5F79059E-6954-45C1-8929-27683551D25A}.Release|iOS.ActiveCfg = Release|Any CPU
		{5F79059E-6954-45C1-8929-27683551D25A}.Release|iOS.Build.0 = Release|Any CPU
		{5F79059E-6954-45C1-8929-27683551D25A}.Release|Windows-ARM.ActiveCfg = Release|Any CPU
		{5F79059E-6954-45C1-8929-27683551D25A}.Release|Windows-ARM.Build.0 = Release|Any CPU
		{5F79059E-6954-45C1-8929-27683551D25A}.Release|Windows-x64.ActiveCfg = Release|Any CPU
		{5F79059E-6954-45C1-8929-27683551D25A}.Release|Windows-x64.Build.0 = Release|Any CPU
		{5F79059E-6954-45C1-8929-27683551D25A}.Release|Windows-x86.ActiveCfg = Release|Any CPU
		{5F79059E-6954-45C1-8929-27683551D25A}.Release|Windows-x86.Build.0 = Release|Any CPU
		{5F79059E-6954-45C1-8929-27683551D25A}.Release|x64.ActiveCfg = Release|Any CPU
		{5F79059E-6954-45C1-8929-27683551D25A}.Release|x64.Build.0 = Release|Any CPU
		{5F79059E-6954-45C1-8929-27683551D25A}.Release|x86.ActiveCfg = Release|Any CPU
		{5F79059E-6954-45C1-8929-27683551D25A}.Release|x86.Build.0 = Release|Any CPU
		{61272BD1-E670-45CC-918B-1208B837F4DC}.Debug|Android.ActiveCfg = Debug
		{61272BD1-E670-45CC-918B-1208B837F4DC}.Debug|Android.Build.0 = Debug
		{61272BD1-E670-45CC-918B-1208B837F4DC}.Debug|Any CPU.ActiveCfg = Debug
		{61272BD1-E670-45CC-918B-1208B837F4DC}.Debug|ARM.ActiveCfg = Debug
		{61272BD1-E670-45CC-918B-1208B837F4DC}.Debug|ARM.Build.0 = Debug
		{61272BD1-E670-45CC-918B-1208B837F4DC}.Debug|ARM64.ActiveCfg = Debug
		{61272BD1-E670-45CC-918B-1208B837F4DC}.Debug|ARM64.Build.0 = Debug
		{61272BD1-E670-45CC-918B-1208B837F4DC}.Debug|iOS.ActiveCfg = Debug
		{61272BD1-E670-45CC-918B-1208B837F4DC}.Debug|iOS.Build.0 = Debug
		{61272BD1-E670-45CC-918B-1208B837F4DC}.Debug|Windows-ARM.ActiveCfg = Debug
		{61272BD1-E670-45CC-918B-1208B837F4DC}.Debug|Windows-ARM.Build.0 = Debug
		{61272BD1-E670-45CC-918B-1208B837F4DC}.Debug|Windows-x64.ActiveCfg = Debug
		{61272BD1-E670-45CC-918B-1208B837F4DC}.Debug|Windows-x64.Build.0 = Debug
		{61272BD1-E670-45CC-918B-1208B837F4DC}.Debug|Windows-x86.ActiveCfg = Debug
		{61272BD1-E670-45CC-918B-1208B837F4DC}.Debug|Windows-x86.Build.0 = Debug
		{61272BD1-E670-45CC-918B-1208B837F4DC}.Debug|x64.ActiveCfg = Debug
		{61272BD1-E670-45CC-918B-1208B837F4DC}.Debug|x86.ActiveCfg = Debug
		{61272BD1-E670-45CC-918B-1208B837F4DC}.Debug|x86.Build.0 = Debug
		{61272BD1-E670-45CC-918B-1208B837F4DC}.Development|Android.ActiveCfg = Debug
		{61272BD1-E670-45CC-918B-1208B837F4DC}.Development|Android.Build.0 = Debug
		{61272BD1-E670-45CC-918B-1208B837F4DC}.Development|Any CPU.ActiveCfg = Debug
		{61272BD1-E670-45CC-918B-1208B837F4DC}.Development|ARM.ActiveCfg = Debug
		{61272BD1-E670-45CC-918B-1208B837F4DC}.Development|ARM.Build.0 = Debug
		{61272BD1-E670-45CC-918B-1208B837F4DC}.Development|ARM64.ActiveCfg = Debug
		{61272BD1-E670-45CC-918B-1208B837F4DC}.Development|ARM64.Build.0 = Debug
		{61272BD1-E670-45CC-918B-1208B837F4DC}.Development|iOS.ActiveCfg = Debug
		{61272BD1-E670-45CC-918B-1208B837F4DC}.Development|iOS.Build.0 = Debug
		{61272BD1-E670-45CC-918B-1208B837F4DC}.Development|Windows-ARM.ActiveCfg = Debug
		{61272BD1-E670-45CC-918B-1208B837F4DC}.Development|Windows-ARM.Build.0 = Debug
		{61272BD1-E670-45CC-918B-1208B837F4DC}.Development|Windows-x64.ActiveCfg = Debug
		{61272BD1-E670-45CC-918B-1208B837F4DC}.Development|Windows-x64.Build.0 = Debug
		{61272BD1-E670-45CC-918B-1208B837F4DC}.Development|Windows-x86.ActiveCfg = Debug
		{61272BD1-E670-45CC-918B-1208B837F4DC}.Development|Windows-x86.Build.0 = Debug
		{61272BD1-E670-45CC-918B-1208B837F4DC}.Development|x64.ActiveCfg = Debug
		{61272BD1-E670-45CC-918B-1208B837F4DC}.Development|x86.ActiveCfg = Debug
		{61272BD1-E670-45CC-918B-1208B837F4DC}.Development|x86.Build.0 = Debug
		{61272BD1-E670-45CC-918B-1208B837F4DC}.Release|Android.ActiveCfg = Release
		{61272BD1-E670-45CC-918B-1208B837F4DC}.Release|Android.Build.0 = Release
		{61272BD1-E670-45CC-918B-1208B837F4DC}.Release|Any CPU.ActiveCfg = Release
		{61272BD1-E670-45CC-918B-1208B837F4DC}.Release|ARM.ActiveCfg = Release
		{61272BD1-E670-45CC-918B-1208B837F4DC}.Release|ARM.Build.0 = Release
		{61272BD1-E670-45CC-918B-1208B837F4DC}.Release|ARM64.ActiveCfg = Release
		{61272BD1-E670-45CC-918B-1208B837F4DC}.Release|ARM64.Build.0 = Release
		{61272BD1-E670-45CC-918B-1208B837F4DC}.Release|iOS.ActiveCfg = Release
		{61272BD1-E670-45CC-918B-1208B837F4DC}.Release|iOS.Build.0 = Release
		{61272BD1-E670-45CC-918B-1208B837F4DC}.Release|Windows-ARM.ActiveCfg = Release
		{61272BD1-E670-45CC-918B-1208B837F4DC}.Release|Windows-ARM.Build.0 = Release
		{61272BD1-E670-45CC-918B-1208B837F4DC}.Release|Windows-x64.ActiveCfg = Release
		{61272BD1-E670-45CC-918B-1208B837F4DC}.Release|Windows-x64.Build.0 = Release
		{61272BD1-E670-45CC-918B-1208B837F4DC}.Release|Windows-x86.ActiveCfg = Release
		{61272BD1-E670-45CC-918B-1208B837F4DC}.Release|Windows-x86.Build.0 = Release
		{61272BD1-E670-45CC-918B-1208B837F4DC}.Release|x64.ActiveCfg = Release
		{61272BD1-E670-45CC-918B-1208B837F4DC}.Release|x86.ActiveCfg = Release
		{61272BD1-E670-45CC-918B-1208B837F4DC}.Release|x86.Build.0 = Release
		{3EBE3C85-C79E-42EF-AA07-EEDA5990205B}.Debug|Android.ActiveCfg = Debug
		{3EBE3C85-C79E-42EF-AA07-EEDA5990205B}.Debug|Android.Build.0 = Debug
		{3EBE3C85-C79E-42EF-AA07-EEDA5990205B}.Debug|Any CPU.ActiveCfg = Debug
		{3EBE3C85-C79E-42EF-AA07-EEDA5990205B}.Debug|Any CPU.Build.0 = Debug
		{3EBE3C85-C79E-42EF-AA07-EEDA5990205B}.Debug|ARM.ActiveCfg = Debug
		{3EBE3C85-C79E-42EF-AA07-EEDA5990205B}.Debug|ARM.Build.0 = Debug
		{3EBE3C85-C79E-42EF-AA07-EEDA5990205B}.Debug|ARM64.ActiveCfg = Debug
		{3EBE3C85-C79E-42EF-AA07-EEDA5990205B}.Debug|ARM64.Build.0 = Debug
		{3EBE3C85-C79E-42EF-AA07-EEDA5990205B}.Debug|iOS.ActiveCfg = Debug
		{3EBE3C85-C79E-42EF-AA07-EEDA5990205B}.Debug|iOS.Build.0 = Debug
		{3EBE3C85-C79E-42EF-AA07-EEDA5990205B}.Debug|Windows-ARM.ActiveCfg = Debug
		{3EBE3C85-C79E-42EF-AA07-EEDA5990205B}.Debug|Windows-ARM.Build.0 = Debug
		{3EBE3C85-C79E-42EF-AA07-EEDA5990205B}.Debug|Windows-x64.ActiveCfg = Debug
		{3EBE3C85-C79E-42EF-AA07-EEDA5990205B}.Debug|Windows-x64.Build.0 = Debug
		{3EBE3C85-C79E-42EF-AA07-EEDA5990205B}.Debug|Windows-x86.ActiveCfg = Debug
		{3EBE3C85-C79E-42EF-AA07-EEDA5990205B}.Debug|Windows-x86.Build.0 = Debug
		{3EBE3C85-C79E-42EF-AA07-EEDA5990205B}.Debug|x64.ActiveCfg = Debug
		{3EBE3C85-C79E-42EF-AA07-EEDA5990205B}.Debug|x64.Build.0 = Debug
		{3EBE3C85-C79E-42EF-AA07-EEDA5990205B}.Debug|x86.ActiveCfg = Debug
		{3EBE3C85-C79E-42EF-AA07-EEDA5990205B}.Debug|x86.Build.0 = Debug
		{3EBE3C85-C79E-42EF-AA07-EEDA5990205B}.Development|Android.ActiveCfg = Debug
		{3EBE3C85-C79E-42EF-AA07-EEDA5990205B}.Development|Android.Build.0 = Debug
		{3EBE3C85-C79E-42EF-AA07-EEDA5990205B}.Development|Any CPU.ActiveCfg = Debug
		{3EBE3C85-C79E-42EF-AA07-EEDA5990205B}.Development|Any CPU.Build.0 = Debug
		{3EBE3C85-C79E-42EF-AA07-EEDA5990205B}.Development|ARM.ActiveCfg = Debug
		{3EBE3C85-C79E-42EF-AA07-EEDA5990205B}.Development|ARM.Build.0 = Debug
		{3EBE3C85-C79E-42EF-AA07-EEDA5990205B}.Development|ARM64.ActiveCfg = Debug
		{3EBE3C85-C79E-42EF-AA07-EEDA5990205B}.Development|ARM64.Build.0 = Debug
		{3EBE3C85-C79E-42EF-AA07-EEDA5990205B}.Development|iOS.ActiveCfg = Debug
		{3EBE3C85-C79E-42EF-AA07-EEDA5990205B}.Development|iOS.Build.0 = Debug
		{3EBE3C85-C79E-42EF-AA07-EEDA5990205B}.Development|Windows-ARM.ActiveCfg = Debug
		{3EBE3C85-C79E-42EF-AA07-EEDA5990205B}.Development|Windows-ARM.Build.0 = Debug
		{3EBE3C85-C79E-42EF-AA07-EEDA5990205B}.Development|Windows-x64.ActiveCfg = Debug
		{3EBE3C85-C79E-42EF-AA07-EEDA5990205B}.Development|Windows-x64.Build.0 = Debug
		{3EBE3C85-C79E-42EF-AA07-EEDA5990205B}.Development|Windows-x86.ActiveCfg = Debug
		{3EBE3C85-C79E-42EF-AA07-EEDA5990205B}.Development|Windows-x86.Build.0 = Debug
		{3EBE3C85-C79E-42EF-AA07-EEDA5990205B}.Development|x64.ActiveCfg = Debug
		{3EBE3C85-C79E-42EF-AA07-EEDA5990205B}.Development|x64.Build.0 = Debug
		{3EBE3C85-C79E-42EF-AA07-EEDA5990205B}.Development|x86.ActiveCfg = Debug
		{3EBE3C85-C79E-42EF-AA07-EEDA5990205B}.Development|x86.Build.0 = Debug
		{3EBE3C85-C79E-42EF-AA07-EEDA5990205B}.Release|Android.ActiveCfg = Release
		{3EBE3C85-C79E-42EF-AA07-EEDA5990205B}.Release|Android.Build.0 = Release
		{3EBE3C85-C79E-42EF-AA07-EEDA5990205B}.Release|Any CPU.ActiveCfg = Release
		{3EBE3C85-C79E-42EF-AA07-EEDA5990205B}.Release|ARM.ActiveCfg = Release
		{3EBE3C85-C79E-42EF-AA07-EEDA5990205B}.Release|ARM.Build.0 = Release
		{3EBE3C85-C79E-42EF-AA07-EEDA5990205B}.Release|ARM64.ActiveCfg = Release
		{3EBE3C85-C79E-42EF-AA07-EEDA5990205B}.Release|ARM64.Build.0 = Release
		{3EBE3C85-C79E-42EF-AA07-EEDA5990205B}.Release|iOS.ActiveCfg = Release
		{3EBE3C85-C79E-42EF-AA07-EEDA5990205B}.Release|iOS.Build.0 = Release
		{3EBE3C85-C79E-42EF-AA07-EEDA5990205B}.Release|Windows-ARM.ActiveCfg = Release
		{3EBE3C85-C79E-42EF-AA07-EEDA5990205B}.Release|Windows-ARM.Build.0 = Release
		{3EBE3C85-C79E-42EF-AA07-EEDA5990205B}.Release|Windows-x64.ActiveCfg = Release
		{3EBE3C85-C79E-42EF-AA07-EEDA5990205B}.Release|Windows-x64.Build.0 = Release
		{3EBE3C85-C79E-42EF-AA07-EEDA5990205B}.Release|Windows-x86.ActiveCfg = Release
		{3EBE3C85-C79E-42EF-AA07-EEDA5990205B}.Release|Windows-x86.Build.0 = Release
		{3EBE3C85-C79E-42EF-AA07-EEDA5990205B}.Release|x64.ActiveCfg = Release
		{3EBE3C85-C79E-42EF-AA07-EEDA5990205B}.Release|x64.Build.0 = Release
		{3EBE3C85-C79E-42EF-AA07-EEDA5990205B}.Release|x86.ActiveCfg = Release
		{3EBE3C85-C79E-42EF-AA07-EEDA5990205B}.Release|x86.Build.0 = Release
		{80870108-EFE4-4ADF-969D-A0CE06123271}.Debug|Android.ActiveCfg = Debug|Any CPU
		{80870108-EFE4-4ADF-969D-A0CE06123271}.Debug|Android.Build.0 = Debug|Any CPU
		{80870108-EFE4-4ADF-969D-A0CE06123271}.Debug|Any CPU.ActiveCfg = Debug|Any CPU
		{80870108-EFE4-4ADF-969D-A0CE06123271}.Debug|Any CPU.Build.0 = Debug|Any CPU
		{80870108-EFE4-4ADF-969D-A0CE06123271}.Debug|ARM.ActiveCfg = Debug|Any CPU
		{80870108-EFE4-4ADF-969D-A0CE06123271}.Debug|ARM.Build.0 = Debug|Any CPU
		{80870108-EFE4-4ADF-969D-A0CE06123271}.Debug|ARM64.ActiveCfg = Debug|Any CPU
		{80870108-EFE4-4ADF-969D-A0CE06123271}.Debug|ARM64.Build.0 = Debug|Any CPU
		{80870108-EFE4-4ADF-969D-A0CE06123271}.Debug|iOS.ActiveCfg = Debug|Any CPU
		{80870108-EFE4-4ADF-969D-A0CE06123271}.Debug|iOS.Build.0 = Debug|Any CPU
		{80870108-EFE4-4ADF-969D-A0CE06123271}.Debug|Windows-ARM.ActiveCfg = Debug|Any CPU
		{80870108-EFE4-4ADF-969D-A0CE06123271}.Debug|Windows-ARM.Build.0 = Debug|Any CPU
		{80870108-EFE4-4ADF-969D-A0CE06123271}.Debug|Windows-x64.ActiveCfg = Debug|Any CPU
		{80870108-EFE4-4ADF-969D-A0CE06123271}.Debug|Windows-x64.Build.0 = Debug|Any CPU
		{80870108-EFE4-4ADF-969D-A0CE06123271}.Debug|Windows-x86.ActiveCfg = Debug|Any CPU
		{80870108-EFE4-4ADF-969D-A0CE06123271}.Debug|Windows-x86.Build.0 = Debug|Any CPU
		{80870108-EFE4-4ADF-969D-A0CE06123271}.Debug|x64.ActiveCfg = Debug|Any CPU
		{80870108-EFE4-4ADF-969D-A0CE06123271}.Debug|x64.Build.0 = Debug|Any CPU
		{80870108-EFE4-4ADF-969D-A0CE06123271}.Debug|x86.ActiveCfg = Debug|Any CPU
		{80870108-EFE4-4ADF-969D-A0CE06123271}.Debug|x86.Build.0 = Debug|Any CPU
		{80870108-EFE4-4ADF-969D-A0CE06123271}.Development|Android.ActiveCfg = Debug|Any CPU
		{80870108-EFE4-4ADF-969D-A0CE06123271}.Development|Android.Build.0 = Debug|Any CPU
		{80870108-EFE4-4ADF-969D-A0CE06123271}.Development|Any CPU.ActiveCfg = Debug|Any CPU
		{80870108-EFE4-4ADF-969D-A0CE06123271}.Development|Any CPU.Build.0 = Debug|Any CPU
		{80870108-EFE4-4ADF-969D-A0CE06123271}.Development|ARM.ActiveCfg = Debug|Any CPU
		{80870108-EFE4-4ADF-969D-A0CE06123271}.Development|ARM.Build.0 = Debug|Any CPU
		{80870108-EFE4-4ADF-969D-A0CE06123271}.Development|ARM64.ActiveCfg = Debug|Any CPU
		{80870108-EFE4-4ADF-969D-A0CE06123271}.Development|ARM64.Build.0 = Debug|Any CPU
		{80870108-EFE4-4ADF-969D-A0CE06123271}.Development|iOS.ActiveCfg = Debug|Any CPU
		{80870108-EFE4-4ADF-969D-A0CE06123271}.Development|iOS.Build.0 = Debug|Any CPU
		{80870108-EFE4-4ADF-969D-A0CE06123271}.Development|Windows-ARM.ActiveCfg = Debug|Any CPU
		{80870108-EFE4-4ADF-969D-A0CE06123271}.Development|Windows-ARM.Build.0 = Debug|Any CPU
		{80870108-EFE4-4ADF-969D-A0CE06123271}.Development|Windows-x64.ActiveCfg = Debug|Any CPU
		{80870108-EFE4-4ADF-969D-A0CE06123271}.Development|Windows-x64.Build.0 = Debug|Any CPU
		{80870108-EFE4-4ADF-969D-A0CE06123271}.Development|Windows-x86.ActiveCfg = Debug|Any CPU
		{80870108-EFE4-4ADF-969D-A0CE06123271}.Development|Windows-x86.Build.0 = Debug|Any CPU
		{80870108-EFE4-4ADF-969D-A0CE06123271}.Development|x64.ActiveCfg = Debug|Any CPU
		{80870108-EFE4-4ADF-969D-A0CE06123271}.Development|x64.Build.0 = Debug|Any CPU
		{80870108-EFE4-4ADF-969D-A0CE06123271}.Development|x86.ActiveCfg = Debug|Any CPU
		{80870108-EFE4-4ADF-969D-A0CE06123271}.Development|x86.Build.0 = Debug|Any CPU
		{80870108-EFE4-4ADF-969D-A0CE06123271}.Release|Android.ActiveCfg = Release|Any CPU
		{80870108-EFE4-4ADF-969D-A0CE06123271}.Release|Android.Build.0 = Release|Any CPU
		{80870108-EFE4-4ADF-969D-A0CE06123271}.Release|Any CPU.ActiveCfg = Release|Any CPU
		{80870108-EFE4-4ADF-969D-A0CE06123271}.Release|Any CPU.Build.0 = Release|Any CPU
		{80870108-EFE4-4ADF-969D-A0CE06123271}.Release|ARM.ActiveCfg = Release|Any CPU
		{80870108-EFE4-4ADF-969D-A0CE06123271}.Release|ARM.Build.0 = Release|Any CPU
		{80870108-EFE4-4ADF-969D-A0CE06123271}.Release|ARM64.ActiveCfg = Release|Any CPU
		{80870108-EFE4-4ADF-969D-A0CE06123271}.Release|ARM64.Build.0 = Release|Any CPU
		{80870108-EFE4-4ADF-969D-A0CE06123271}.Release|iOS.ActiveCfg = Release|Any CPU
		{80870108-EFE4-4ADF-969D-A0CE06123271}.Release|iOS.Build.0 = Release|Any CPU
		{80870108-EFE4-4ADF-969D-A0CE06123271}.Release|Windows-ARM.ActiveCfg = Release|Any CPU
		{80870108-EFE4-4ADF-969D-A0CE06123271}.Release|Windows-ARM.Build.0 = Release|Any CPU
		{80870108-EFE4-4ADF-969D-A0CE06123271}.Release|Windows-x64.ActiveCfg = Release|Any CPU
		{80870108-EFE4-4ADF-969D-A0CE06123271}.Release|Windows-x64.Build.0 = Release|Any CPU
		{80870108-EFE4-4ADF-969D-A0CE06123271}.Release|Windows-x86.ActiveCfg = Release|Any CPU
		{80870108-EFE4-4ADF-969D-A0CE06123271}.Release|Windows-x86.Build.0 = Release|Any CPU
		{80870108-EFE4-4ADF-969D-A0CE06123271}.Release|x64.ActiveCfg = Release|Any CPU
		{80870108-EFE4-4ADF-969D-A0CE06123271}.Release|x64.Build.0 = Release|Any CPU
		{80870108-EFE4-4ADF-969D-A0CE06123271}.Release|x86.ActiveCfg = Release|Any CPU
		{80870108-EFE4-4ADF-969D-A0CE06123271}.Release|x86.Build.0 = Release|Any CPU
	EndGlobalSection
	GlobalSection(SolutionProperties) = preSolution
		HideSolutionNode = FALSE
	EndGlobalSection
	GlobalSection(ExtensibilityGlobals) = postSolution
		SolutionGuid = {3B206942-1574-47C9-BA9A-843FD9F493D4}
	EndGlobalSection
EndGlobal
